// !$*UTF8*$!
{
	archiveVersion = 1;
	classes = {
	};
	objectVersion = 46;
	objects = {

/* Begin PBXBuildFile section */
		0E06A6C318863DB90018ECDB /* SENViewController.m in Sources */ = {isa = PBXBuildFile; fileRef = 0E06A6C218863DB90018ECDB /* SENViewController.m */; };
		0E10AC39188609BB00765FA1 /* Foundation.framework in Frameworks */ = {isa = PBXBuildFile; fileRef = 0E10AC38188609BB00765FA1 /* Foundation.framework */; };
		0E10AC3B188609BB00765FA1 /* CoreGraphics.framework in Frameworks */ = {isa = PBXBuildFile; fileRef = 0E10AC3A188609BB00765FA1 /* CoreGraphics.framework */; };
		0E10AC3D188609BB00765FA1 /* UIKit.framework in Frameworks */ = {isa = PBXBuildFile; fileRef = 0E10AC3C188609BB00765FA1 /* UIKit.framework */; };
		0E10AC43188609BB00765FA1 /* InfoPlist.strings in Resources */ = {isa = PBXBuildFile; fileRef = 0E10AC41188609BB00765FA1 /* InfoPlist.strings */; };
		0E10AC45188609BB00765FA1 /* main.m in Sources */ = {isa = PBXBuildFile; fileRef = 0E10AC44188609BB00765FA1 /* main.m */; };
		0E10AC49188609BB00765FA1 /* SENAppDelegate.m in Sources */ = {isa = PBXBuildFile; fileRef = 0E10AC48188609BB00765FA1 /* SENAppDelegate.m */; };
		0E10AC54188609BB00765FA1 /* Images.xcassets in Resources */ = {isa = PBXBuildFile; fileRef = 0E10AC53188609BB00765FA1 /* Images.xcassets */; };
		0E10AC5B188609BB00765FA1 /* XCTest.framework in Frameworks */ = {isa = PBXBuildFile; fileRef = 0E10AC5A188609BB00765FA1 /* XCTest.framework */; };
		0E10AC5C188609BB00765FA1 /* Foundation.framework in Frameworks */ = {isa = PBXBuildFile; fileRef = 0E10AC38188609BB00765FA1 /* Foundation.framework */; };
		0E10AC5D188609BB00765FA1 /* UIKit.framework in Frameworks */ = {isa = PBXBuildFile; fileRef = 0E10AC3C188609BB00765FA1 /* UIKit.framework */; };
		0E10AC65188609BB00765FA1 /* InfoPlist.strings in Resources */ = {isa = PBXBuildFile; fileRef = 0E10AC63188609BB00765FA1 /* InfoPlist.strings */; };
		0E10AC67188609BB00765FA1 /* SchoolInterfaceTests.m in Sources */ = {isa = PBXBuildFile; fileRef = 0E10AC66188609BB00765FA1 /* SchoolInterfaceTests.m */; };
		0E10ACB618861DFA00765FA1 /* SENQuestionnaireTabViewController.m in Sources */ = {isa = PBXBuildFile; fileRef = 0E10ACB518861DFA00765FA1 /* SENQuestionnaireTabViewController.m */; };
		0E1136411897B53400873032 /* SENRing.m in Sources */ = {isa = PBXBuildFile; fileRef = 0E1136401897B53400873032 /* SENRing.m */; };
		0E1136441897B59300873032 /* GLKit.framework in Frameworks */ = {isa = PBXBuildFile; fileRef = 0E1136421897B59300873032 /* GLKit.framework */; };
		0E1136451897B59300873032 /* OpenGLES.framework in Frameworks */ = {isa = PBXBuildFile; fileRef = 0E1136431897B59300873032 /* OpenGLES.framework */; };
		0E823EE9188CA5FB0028D65B /* libpd-ios.a in Frameworks */ = {isa = PBXBuildFile; fileRef = 0E823EE6188CA5F60028D65B /* libpd-ios.a */; };
		0E823EF3188CB8FB0028D65B /* SENUserDefaultsHelper.m in Sources */ = {isa = PBXBuildFile; fileRef = 0E823EF2188CB8FB0028D65B /* SENUserDefaultsHelper.m */; };
		0E823F0A188D53700028D65B /* CoreText.framework in Frameworks */ = {isa = PBXBuildFile; fileRef = 0E823F09188D53700028D65B /* CoreText.framework */; };
		0E823F0C188D537C0028D65B /* QuartzCore.framework in Frameworks */ = {isa = PBXBuildFile; fileRef = 0E823F0B188D537C0028D65B /* QuartzCore.framework */; };
		0E823F0E188D53840028D65B /* Security.framework in Frameworks */ = {isa = PBXBuildFile; fileRef = 0E823F0D188D53840028D65B /* Security.framework */; };
		0E823F10188D538E0028D65B /* SystemConfiguration.framework in Frameworks */ = {isa = PBXBuildFile; fileRef = 0E823F0F188D538E0028D65B /* SystemConfiguration.framework */; };
		0E82B36F1891E91A00FE5B9C /* AFHTTPRequestOperation.m in Sources */ = {isa = PBXBuildFile; fileRef = 0E82B35D1891E91A00FE5B9C /* AFHTTPRequestOperation.m */; };
		0E82B3701891E91A00FE5B9C /* AFHTTPRequestOperationManager.m in Sources */ = {isa = PBXBuildFile; fileRef = 0E82B35F1891E91A00FE5B9C /* AFHTTPRequestOperationManager.m */; };
		0E82B3711891E91A00FE5B9C /* AFHTTPSessionManager.m in Sources */ = {isa = PBXBuildFile; fileRef = 0E82B3611891E91A00FE5B9C /* AFHTTPSessionManager.m */; };
		0E82B3721891E91A00FE5B9C /* AFNetworkReachabilityManager.m in Sources */ = {isa = PBXBuildFile; fileRef = 0E82B3641891E91A00FE5B9C /* AFNetworkReachabilityManager.m */; };
		0E82B3731891E91A00FE5B9C /* AFSecurityPolicy.m in Sources */ = {isa = PBXBuildFile; fileRef = 0E82B3661891E91A00FE5B9C /* AFSecurityPolicy.m */; };
		0E82B3741891E91A00FE5B9C /* AFURLConnectionOperation.m in Sources */ = {isa = PBXBuildFile; fileRef = 0E82B3681891E91A00FE5B9C /* AFURLConnectionOperation.m */; };
		0E82B3751891E91A00FE5B9C /* AFURLRequestSerialization.m in Sources */ = {isa = PBXBuildFile; fileRef = 0E82B36A1891E91A00FE5B9C /* AFURLRequestSerialization.m */; };
		0E82B3761891E91A00FE5B9C /* AFURLResponseSerialization.m in Sources */ = {isa = PBXBuildFile; fileRef = 0E82B36C1891E91A00FE5B9C /* AFURLResponseSerialization.m */; };
		0E82B3771891E91A00FE5B9C /* AFURLSessionManager.m in Sources */ = {isa = PBXBuildFile; fileRef = 0E82B36E1891E91A00FE5B9C /* AFURLSessionManager.m */; };
		0E9849681892969A0037E6B5 /* SENUtilities.m in Sources */ = {isa = PBXBuildFile; fileRef = 0E9849671892969A0037E6B5 /* SENUtilities.m */; };
		0EC0F154188D64E900D4C7E7 /* HockeySDK.framework in Frameworks */ = {isa = PBXBuildFile; fileRef = 0EC0F150188D64E900D4C7E7 /* HockeySDK.framework */; };
		0EC0F155188D64E900D4C7E7 /* HockeySDK.xcconfig in Resources */ = {isa = PBXBuildFile; fileRef = 0EC0F152188D64E900D4C7E7 /* HockeySDK.xcconfig */; };
		0EC0F156188D64E900D4C7E7 /* HockeySDKResources.bundle in Resources */ = {isa = PBXBuildFile; fileRef = 0EC0F153188D64E900D4C7E7 /* HockeySDKResources.bundle */; };
		0EC0F15C188D6A6100D4C7E7 /* Settings.bundle in Resources */ = {isa = PBXBuildFile; fileRef = 0EC0F15B188D6A6100D4C7E7 /* Settings.bundle */; };
		0EC0F15F188D6A8600D4C7E7 /* Main_iPad.storyboard in Resources */ = {isa = PBXBuildFile; fileRef = 0EC0F15D188D6A8600D4C7E7 /* Main_iPad.storyboard */; };
		0EC6A1AA1898BB8D00451249 /* RFduino.m in Sources */ = {isa = PBXBuildFile; fileRef = 0EC6A1A51898BB8D00451249 /* RFduino.m */; };
		0EC6A1AB1898BB8D00451249 /* RfduinoManager.m in Sources */ = {isa = PBXBuildFile; fileRef = 0EC6A1A81898BB8D00451249 /* RfduinoManager.m */; };
		0ED0FAEC18880197003B3136 /* AudioToolbox.framework in Frameworks */ = {isa = PBXBuildFile; fileRef = 0ED0FAEA18880197003B3136 /* AudioToolbox.framework */; };
		0ED0FAED18880197003B3136 /* AVFoundation.framework in Frameworks */ = {isa = PBXBuildFile; fileRef = 0ED0FAEB18880197003B3136 /* AVFoundation.framework */; };
		0ED0FAF5188802DF003B3136 /* BLEDevice.m in Sources */ = {isa = PBXBuildFile; fileRef = 0ED0FAF3188802DF003B3136 /* BLEDevice.m */; };
		0ED0FAF9188802FB003B3136 /* BLE.m in Sources */ = {isa = PBXBuildFile; fileRef = 0ED0FAF7188802FB003B3136 /* BLE.m */; };
		0ED0FB00188804C8003B3136 /* SENPDDriver.m in Sources */ = {isa = PBXBuildFile; fileRef = 0ED0FAFF188804C8003B3136 /* SENPDDriver.m */; };
		0ED0FB061888081C003B3136 /* SENSessionData.m in Sources */ = {isa = PBXBuildFile; fileRef = 0ED0FB051888081C003B3136 /* SENSessionData.m */; };
		0ED0FB091888089E003B3136 /* SENPulseReliability.m in Sources */ = {isa = PBXBuildFile; fileRef = 0ED0FB081888089E003B3136 /* SENPulseReliability.m */; };
		0ED0FB0C18880917003B3136 /* SENIBIData.m in Sources */ = {isa = PBXBuildFile; fileRef = 0ED0FB0B18880917003B3136 /* SENIBIData.m */; };
		0ED29EA41886C8140020D478 /* CoreBluetooth.framework in Frameworks */ = {isa = PBXBuildFile; fileRef = 0ED29EA31886C8140020D478 /* CoreBluetooth.framework */; };
		0EDFB9AD1890A3B7002909F4 /* SENXmlDataGenerator.m in Sources */ = {isa = PBXBuildFile; fileRef = 0EDFB9AC1890A3B7002909F4 /* SENXmlDataGenerator.m */; };
		0EDFB9BB1890AD83002909F4 /* Model.xcdatamodeld in Sources */ = {isa = PBXBuildFile; fileRef = 0EDFB9B91890AD83002909F4 /* Model.xcdatamodeld */; };
		0EDFB9BE1890AEEA002909F4 /* SENQuestionnaire.m in Sources */ = {isa = PBXBuildFile; fileRef = 0EDFB9BD1890AEEA002909F4 /* SENQuestionnaire.m */; };
/* End PBXBuildFile section */

/* Begin PBXContainerItemProxy section */
		0E10AC5E188609BB00765FA1 /* PBXContainerItemProxy */ = {
			isa = PBXContainerItemProxy;
			containerPortal = 0E10AC2D188609BB00765FA1 /* Project object */;
			proxyType = 1;
			remoteGlobalIDString = 0E10AC34188609BB00765FA1;
			remoteInfo = SchoolInterface;
		};
		0E823EE5188CA5F60028D65B /* PBXContainerItemProxy */ = {
			isa = PBXContainerItemProxy;
			containerPortal = 0E823EE0188CA5F50028D65B /* libpd.xcodeproj */;
			proxyType = 2;
			remoteGlobalIDString = D2AAC07E0554694100DB518D;
			remoteInfo = "libpd-ios";
		};
		0E823EE7188CA5F60028D65B /* PBXContainerItemProxy */ = {
			isa = PBXContainerItemProxy;
			containerPortal = 0E823EE0188CA5F50028D65B /* libpd.xcodeproj */;
			proxyType = 2;
			remoteGlobalIDString = 119013AB1486450C00086F19;
			remoteInfo = "libpd-osx";
		};
		0E823EEA188CA5FF0028D65B /* PBXContainerItemProxy */ = {
			isa = PBXContainerItemProxy;
			containerPortal = 0E823EE0188CA5F50028D65B /* libpd.xcodeproj */;
			proxyType = 1;
			remoteGlobalIDString = D2AAC07D0554694100DB518D;
			remoteInfo = "libpd-ios";
		};
/* End PBXContainerItemProxy section */

/* Begin PBXFileReference section */
		0E06A6C118863DB90018ECDB /* SENViewController.h */ = {isa = PBXFileReference; fileEncoding = 4; lastKnownFileType = sourcecode.c.h; name = SENViewController.h; path = Controllers/SENViewController.h; sourceTree = "<group>"; };
		0E06A6C218863DB90018ECDB /* SENViewController.m */ = {isa = PBXFileReference; fileEncoding = 4; lastKnownFileType = sourcecode.c.objc; name = SENViewController.m; path = Controllers/SENViewController.m; sourceTree = "<group>"; };
		0E10AC35188609BB00765FA1 /* HPV.app */ = {isa = PBXFileReference; explicitFileType = wrapper.application; includeInIndex = 0; path = HPV.app; sourceTree = BUILT_PRODUCTS_DIR; };
		0E10AC38188609BB00765FA1 /* Foundation.framework */ = {isa = PBXFileReference; lastKnownFileType = wrapper.framework; name = Foundation.framework; path = System/Library/Frameworks/Foundation.framework; sourceTree = SDKROOT; };
		0E10AC3A188609BB00765FA1 /* CoreGraphics.framework */ = {isa = PBXFileReference; lastKnownFileType = wrapper.framework; name = CoreGraphics.framework; path = System/Library/Frameworks/CoreGraphics.framework; sourceTree = SDKROOT; };
		0E10AC3C188609BB00765FA1 /* UIKit.framework */ = {isa = PBXFileReference; lastKnownFileType = wrapper.framework; name = UIKit.framework; path = System/Library/Frameworks/UIKit.framework; sourceTree = SDKROOT; };
		0E10AC40188609BB00765FA1 /* HPV-Info.plist */ = {isa = PBXFileReference; lastKnownFileType = text.plist.xml; path = "HPV-Info.plist"; sourceTree = "<group>"; };
		0E10AC42188609BB00765FA1 /* en */ = {isa = PBXFileReference; lastKnownFileType = text.plist.strings; name = en; path = en.lproj/InfoPlist.strings; sourceTree = "<group>"; };
		0E10AC44188609BB00765FA1 /* main.m */ = {isa = PBXFileReference; lastKnownFileType = sourcecode.c.objc; path = main.m; sourceTree = "<group>"; };
		0E10AC46188609BB00765FA1 /* HPV-Prefix.pch */ = {isa = PBXFileReference; lastKnownFileType = sourcecode.c.h; path = "HPV-Prefix.pch"; sourceTree = "<group>"; };
		0E10AC47188609BB00765FA1 /* SENAppDelegate.h */ = {isa = PBXFileReference; lastKnownFileType = sourcecode.c.h; path = SENAppDelegate.h; sourceTree = "<group>"; };
		0E10AC48188609BB00765FA1 /* SENAppDelegate.m */ = {isa = PBXFileReference; lastKnownFileType = sourcecode.c.objc; path = SENAppDelegate.m; sourceTree = "<group>"; };
		0E10AC53188609BB00765FA1 /* Images.xcassets */ = {isa = PBXFileReference; lastKnownFileType = folder.assetcatalog; name = Images.xcassets; path = SchoolInterface/Images.xcassets; sourceTree = "<group>"; };
		0E10AC59188609BB00765FA1 /* HPVTests.xctest */ = {isa = PBXFileReference; explicitFileType = wrapper.cfbundle; includeInIndex = 0; path = HPVTests.xctest; sourceTree = BUILT_PRODUCTS_DIR; };
		0E10AC5A188609BB00765FA1 /* XCTest.framework */ = {isa = PBXFileReference; lastKnownFileType = wrapper.framework; name = XCTest.framework; path = Library/Frameworks/XCTest.framework; sourceTree = DEVELOPER_DIR; };
		0E10AC62188609BB00765FA1 /* HPVTests-Info.plist */ = {isa = PBXFileReference; lastKnownFileType = text.plist.xml; path = "HPVTests-Info.plist"; sourceTree = "<group>"; };
		0E10AC64188609BB00765FA1 /* en */ = {isa = PBXFileReference; lastKnownFileType = text.plist.strings; name = en; path = en.lproj/InfoPlist.strings; sourceTree = "<group>"; };
		0E10AC66188609BB00765FA1 /* SchoolInterfaceTests.m */ = {isa = PBXFileReference; lastKnownFileType = sourcecode.c.objc; path = SchoolInterfaceTests.m; sourceTree = "<group>"; };
		0E10ACB418861DFA00765FA1 /* SENQuestionnaireTabViewController.h */ = {isa = PBXFileReference; fileEncoding = 4; lastKnownFileType = sourcecode.c.h; name = SENQuestionnaireTabViewController.h; path = Controllers/SENQuestionnaireTabViewController.h; sourceTree = "<group>"; };
		0E10ACB518861DFA00765FA1 /* SENQuestionnaireTabViewController.m */ = {isa = PBXFileReference; fileEncoding = 4; lastKnownFileType = sourcecode.c.objc; name = SENQuestionnaireTabViewController.m; path = Controllers/SENQuestionnaireTabViewController.m; sourceTree = "<group>"; };
		0E11363F1897B53400873032 /* SENRing.h */ = {isa = PBXFileReference; fileEncoding = 4; lastKnownFileType = sourcecode.c.h; path = SENRing.h; sourceTree = "<group>"; };
		0E1136401897B53400873032 /* SENRing.m */ = {isa = PBXFileReference; fileEncoding = 4; lastKnownFileType = sourcecode.c.objc; path = SENRing.m; sourceTree = "<group>"; };
		0E1136421897B59300873032 /* GLKit.framework */ = {isa = PBXFileReference; lastKnownFileType = wrapper.framework; name = GLKit.framework; path = System/Library/Frameworks/GLKit.framework; sourceTree = SDKROOT; };
		0E1136431897B59300873032 /* OpenGLES.framework */ = {isa = PBXFileReference; lastKnownFileType = wrapper.framework; name = OpenGLES.framework; path = System/Library/Frameworks/OpenGLES.framework; sourceTree = SDKROOT; };
		0E823EE0188CA5F50028D65B /* libpd.xcodeproj */ = {isa = PBXFileReference; lastKnownFileType = "wrapper.pb-project"; name = libpd.xcodeproj; path = "../../../C-Libraries/libpd/libpd.xcodeproj"; sourceTree = "<group>"; };
		0E823EF1188CB8FB0028D65B /* SENUserDefaultsHelper.h */ = {isa = PBXFileReference; fileEncoding = 4; lastKnownFileType = sourcecode.c.h; name = SENUserDefaultsHelper.h; path = Model/SENUserDefaultsHelper.h; sourceTree = "<group>"; };
		0E823EF2188CB8FB0028D65B /* SENUserDefaultsHelper.m */ = {isa = PBXFileReference; fileEncoding = 4; lastKnownFileType = sourcecode.c.objc; name = SENUserDefaultsHelper.m; path = Model/SENUserDefaultsHelper.m; sourceTree = "<group>"; };
		0E823F09188D53700028D65B /* CoreText.framework */ = {isa = PBXFileReference; lastKnownFileType = wrapper.framework; name = CoreText.framework; path = System/Library/Frameworks/CoreText.framework; sourceTree = SDKROOT; };
		0E823F0B188D537C0028D65B /* QuartzCore.framework */ = {isa = PBXFileReference; lastKnownFileType = wrapper.framework; name = QuartzCore.framework; path = System/Library/Frameworks/QuartzCore.framework; sourceTree = SDKROOT; };
		0E823F0D188D53840028D65B /* Security.framework */ = {isa = PBXFileReference; lastKnownFileType = wrapper.framework; name = Security.framework; path = System/Library/Frameworks/Security.framework; sourceTree = SDKROOT; };
		0E823F0F188D538E0028D65B /* SystemConfiguration.framework */ = {isa = PBXFileReference; lastKnownFileType = wrapper.framework; name = SystemConfiguration.framework; path = System/Library/Frameworks/SystemConfiguration.framework; sourceTree = SDKROOT; };
		0E82B35C1891E91A00FE5B9C /* AFHTTPRequestOperation.h */ = {isa = PBXFileReference; fileEncoding = 4; lastKnownFileType = sourcecode.c.h; path = AFHTTPRequestOperation.h; sourceTree = "<group>"; };
		0E82B35D1891E91A00FE5B9C /* AFHTTPRequestOperation.m */ = {isa = PBXFileReference; fileEncoding = 4; lastKnownFileType = sourcecode.c.objc; path = AFHTTPRequestOperation.m; sourceTree = "<group>"; };
		0E82B35E1891E91A00FE5B9C /* AFHTTPRequestOperationManager.h */ = {isa = PBXFileReference; fileEncoding = 4; lastKnownFileType = sourcecode.c.h; path = AFHTTPRequestOperationManager.h; sourceTree = "<group>"; };
		0E82B35F1891E91A00FE5B9C /* AFHTTPRequestOperationManager.m */ = {isa = PBXFileReference; fileEncoding = 4; lastKnownFileType = sourcecode.c.objc; path = AFHTTPRequestOperationManager.m; sourceTree = "<group>"; };
		0E82B3601891E91A00FE5B9C /* AFHTTPSessionManager.h */ = {isa = PBXFileReference; fileEncoding = 4; lastKnownFileType = sourcecode.c.h; path = AFHTTPSessionManager.h; sourceTree = "<group>"; };
		0E82B3611891E91A00FE5B9C /* AFHTTPSessionManager.m */ = {isa = PBXFileReference; fileEncoding = 4; lastKnownFileType = sourcecode.c.objc; path = AFHTTPSessionManager.m; sourceTree = "<group>"; };
		0E82B3621891E91A00FE5B9C /* AFNetworking.h */ = {isa = PBXFileReference; fileEncoding = 4; lastKnownFileType = sourcecode.c.h; path = AFNetworking.h; sourceTree = "<group>"; };
		0E82B3631891E91A00FE5B9C /* AFNetworkReachabilityManager.h */ = {isa = PBXFileReference; fileEncoding = 4; lastKnownFileType = sourcecode.c.h; path = AFNetworkReachabilityManager.h; sourceTree = "<group>"; };
		0E82B3641891E91A00FE5B9C /* AFNetworkReachabilityManager.m */ = {isa = PBXFileReference; fileEncoding = 4; lastKnownFileType = sourcecode.c.objc; path = AFNetworkReachabilityManager.m; sourceTree = "<group>"; };
		0E82B3651891E91A00FE5B9C /* AFSecurityPolicy.h */ = {isa = PBXFileReference; fileEncoding = 4; lastKnownFileType = sourcecode.c.h; path = AFSecurityPolicy.h; sourceTree = "<group>"; };
		0E82B3661891E91A00FE5B9C /* AFSecurityPolicy.m */ = {isa = PBXFileReference; fileEncoding = 4; lastKnownFileType = sourcecode.c.objc; path = AFSecurityPolicy.m; sourceTree = "<group>"; };
		0E82B3671891E91A00FE5B9C /* AFURLConnectionOperation.h */ = {isa = PBXFileReference; fileEncoding = 4; lastKnownFileType = sourcecode.c.h; path = AFURLConnectionOperation.h; sourceTree = "<group>"; };
		0E82B3681891E91A00FE5B9C /* AFURLConnectionOperation.m */ = {isa = PBXFileReference; fileEncoding = 4; lastKnownFileType = sourcecode.c.objc; path = AFURLConnectionOperation.m; sourceTree = "<group>"; };
		0E82B3691891E91A00FE5B9C /* AFURLRequestSerialization.h */ = {isa = PBXFileReference; fileEncoding = 4; lastKnownFileType = sourcecode.c.h; path = AFURLRequestSerialization.h; sourceTree = "<group>"; };
		0E82B36A1891E91A00FE5B9C /* AFURLRequestSerialization.m */ = {isa = PBXFileReference; fileEncoding = 4; lastKnownFileType = sourcecode.c.objc; path = AFURLRequestSerialization.m; sourceTree = "<group>"; };
		0E82B36B1891E91A00FE5B9C /* AFURLResponseSerialization.h */ = {isa = PBXFileReference; fileEncoding = 4; lastKnownFileType = sourcecode.c.h; path = AFURLResponseSerialization.h; sourceTree = "<group>"; };
		0E82B36C1891E91A00FE5B9C /* AFURLResponseSerialization.m */ = {isa = PBXFileReference; fileEncoding = 4; lastKnownFileType = sourcecode.c.objc; path = AFURLResponseSerialization.m; sourceTree = "<group>"; };
		0E82B36D1891E91A00FE5B9C /* AFURLSessionManager.h */ = {isa = PBXFileReference; fileEncoding = 4; lastKnownFileType = sourcecode.c.h; path = AFURLSessionManager.h; sourceTree = "<group>"; };
		0E82B36E1891E91A00FE5B9C /* AFURLSessionManager.m */ = {isa = PBXFileReference; fileEncoding = 4; lastKnownFileType = sourcecode.c.objc; path = AFURLSessionManager.m; sourceTree = "<group>"; };
		0E984963189286100037E6B5 /* Model 4.xcdatamodel */ = {isa = PBXFileReference; lastKnownFileType = wrapper.xcdatamodel; path = "Model 4.xcdatamodel"; sourceTree = "<group>"; };
		0E9849661892969A0037E6B5 /* SENUtilities.h */ = {isa = PBXFileReference; fileEncoding = 4; lastKnownFileType = sourcecode.c.h; name = SENUtilities.h; path = Model/SENUtilities.h; sourceTree = "<group>"; };
		0E9849671892969A0037E6B5 /* SENUtilities.m */ = {isa = PBXFileReference; fileEncoding = 4; lastKnownFileType = sourcecode.c.objc; name = SENUtilities.m; path = Model/SENUtilities.m; sourceTree = "<group>"; };
		0EAB03191891367D0076E906 /* Model 2.xcdatamodel */ = {isa = PBXFileReference; lastKnownFileType = wrapper.xcdatamodel; path = "Model 2.xcdatamodel"; sourceTree = "<group>"; };
		0EAB031B189155B60076E906 /* Model 3.xcdatamodel */ = {isa = PBXFileReference; lastKnownFileType = wrapper.xcdatamodel; path = "Model 3.xcdatamodel"; sourceTree = "<group>"; };
		0EC0F150188D64E900D4C7E7 /* HockeySDK.framework */ = {isa = PBXFileReference; lastKnownFileType = wrapper.framework; path = HockeySDK.framework; sourceTree = "<group>"; };
		0EC0F152188D64E900D4C7E7 /* HockeySDK.xcconfig */ = {isa = PBXFileReference; fileEncoding = 4; lastKnownFileType = text.xcconfig; path = HockeySDK.xcconfig; sourceTree = "<group>"; };
		0EC0F153188D64E900D4C7E7 /* HockeySDKResources.bundle */ = {isa = PBXFileReference; lastKnownFileType = "wrapper.plug-in"; path = HockeySDKResources.bundle; sourceTree = "<group>"; };
		0EC0F15B188D6A6100D4C7E7 /* Settings.bundle */ = {isa = PBXFileReference; lastKnownFileType = "wrapper.plug-in"; name = Settings.bundle; path = SchoolInterface/Settings.bundle; sourceTree = "<group>"; };
		0EC0F15E188D6A8600D4C7E7 /* Base */ = {isa = PBXFileReference; lastKnownFileType = file.storyboard; name = Base; path = SchoolInterface/Base.lproj/Main_iPad.storyboard; sourceTree = "<group>"; };
		0EC0F165188D716800D4C7E7 /* PdBase.h */ = {isa = PBXFileReference; lastKnownFileType = sourcecode.c.h; path = PdBase.h; sourceTree = "<group>"; };
		0EC6A1A41898BB8D00451249 /* RFduino.h */ = {isa = PBXFileReference; fileEncoding = 4; lastKnownFileType = sourcecode.c.h; path = RFduino.h; sourceTree = "<group>"; };
		0EC6A1A51898BB8D00451249 /* RFduino.m */ = {isa = PBXFileReference; fileEncoding = 4; lastKnownFileType = sourcecode.c.objc; path = RFduino.m; sourceTree = "<group>"; };
		0EC6A1A71898BB8D00451249 /* RfduinoManager.h */ = {isa = PBXFileReference; fileEncoding = 4; lastKnownFileType = sourcecode.c.h; path = RfduinoManager.h; sourceTree = "<group>"; };
		0EC6A1A81898BB8D00451249 /* RfduinoManager.m */ = {isa = PBXFileReference; fileEncoding = 4; lastKnownFileType = sourcecode.c.objc; path = RfduinoManager.m; sourceTree = "<group>"; };
		0ED0FAEA18880197003B3136 /* AudioToolbox.framework */ = {isa = PBXFileReference; lastKnownFileType = wrapper.framework; name = AudioToolbox.framework; path = System/Library/Frameworks/AudioToolbox.framework; sourceTree = SDKROOT; };
		0ED0FAEB18880197003B3136 /* AVFoundation.framework */ = {isa = PBXFileReference; lastKnownFileType = wrapper.framework; name = AVFoundation.framework; path = System/Library/Frameworks/AVFoundation.framework; sourceTree = SDKROOT; };
		0ED0FAF2188802DF003B3136 /* BLEDevice.h */ = {isa = PBXFileReference; fileEncoding = 4; lastKnownFileType = sourcecode.c.h; name = BLEDevice.h; path = Controllers/BLEDevice.h; sourceTree = "<group>"; };
		0ED0FAF3188802DF003B3136 /* BLEDevice.m */ = {isa = PBXFileReference; fileEncoding = 4; lastKnownFileType = sourcecode.c.objc; name = BLEDevice.m; path = Controllers/BLEDevice.m; sourceTree = "<group>"; };
		0ED0FAF6188802FB003B3136 /* BLE.h */ = {isa = PBXFileReference; fileEncoding = 4; lastKnownFileType = sourcecode.c.h; name = BLE.h; path = SchoolInterface/Frameworks/BLE_framework/BLE.h; sourceTree = "<group>"; };
		0ED0FAF7188802FB003B3136 /* BLE.m */ = {isa = PBXFileReference; fileEncoding = 4; lastKnownFileType = sourcecode.c.objc; name = BLE.m; path = SchoolInterface/Frameworks/BLE_framework/BLE.m; sourceTree = "<group>"; };
		0ED0FAF8188802FB003B3136 /* BLEDefines.h */ = {isa = PBXFileReference; fileEncoding = 4; lastKnownFileType = sourcecode.c.h; name = BLEDefines.h; path = SchoolInterface/Frameworks/BLE_framework/BLEDefines.h; sourceTree = "<group>"; };
		0ED0FAFE188804C8003B3136 /* SENPDDriver.h */ = {isa = PBXFileReference; fileEncoding = 4; lastKnownFileType = sourcecode.c.h; name = SENPDDriver.h; path = Controllers/SENPDDriver.h; sourceTree = "<group>"; };
		0ED0FAFF188804C8003B3136 /* SENPDDriver.m */ = {isa = PBXFileReference; fileEncoding = 4; lastKnownFileType = sourcecode.c.objc; name = SENPDDriver.m; path = Controllers/SENPDDriver.m; sourceTree = "<group>"; };
		0ED0FB03188805A1003B3136 /* constants.h */ = {isa = PBXFileReference; lastKnownFileType = sourcecode.c.h; name = constants.h; path = Model/constants.h; sourceTree = "<group>"; };
		0ED0FB041888081C003B3136 /* SENSessionData.h */ = {isa = PBXFileReference; fileEncoding = 4; lastKnownFileType = sourcecode.c.h; name = SENSessionData.h; path = Model/SENSessionData.h; sourceTree = "<group>"; };
		0ED0FB051888081C003B3136 /* SENSessionData.m */ = {isa = PBXFileReference; fileEncoding = 4; lastKnownFileType = sourcecode.c.objc; name = SENSessionData.m; path = Model/SENSessionData.m; sourceTree = "<group>"; };
		0ED0FB071888089E003B3136 /* SENPulseReliability.h */ = {isa = PBXFileReference; fileEncoding = 4; lastKnownFileType = sourcecode.c.h; name = SENPulseReliability.h; path = Model/SENPulseReliability.h; sourceTree = "<group>"; };
		0ED0FB081888089E003B3136 /* SENPulseReliability.m */ = {isa = PBXFileReference; fileEncoding = 4; lastKnownFileType = sourcecode.c.objc; name = SENPulseReliability.m; path = Model/SENPulseReliability.m; sourceTree = "<group>"; };
		0ED0FB0A18880917003B3136 /* SENIBIData.h */ = {isa = PBXFileReference; fileEncoding = 4; lastKnownFileType = sourcecode.c.h; name = SENIBIData.h; path = Model/SENIBIData.h; sourceTree = "<group>"; };
		0ED0FB0B18880917003B3136 /* SENIBIData.m */ = {isa = PBXFileReference; fileEncoding = 4; lastKnownFileType = sourcecode.c.objc; name = SENIBIData.m; path = Model/SENIBIData.m; sourceTree = "<group>"; };
		0ED29EA31886C8140020D478 /* CoreBluetooth.framework */ = {isa = PBXFileReference; lastKnownFileType = wrapper.framework; name = CoreBluetooth.framework; path = System/Library/Frameworks/CoreBluetooth.framework; sourceTree = SDKROOT; };
		0EDFB9AB1890A3B7002909F4 /* SENXmlDataGenerator.h */ = {isa = PBXFileReference; fileEncoding = 4; lastKnownFileType = sourcecode.c.h; name = SENXmlDataGenerator.h; path = Model/SENXmlDataGenerator.h; sourceTree = "<group>"; };
		0EDFB9AC1890A3B7002909F4 /* SENXmlDataGenerator.m */ = {isa = PBXFileReference; fileEncoding = 4; lastKnownFileType = sourcecode.c.objc; name = SENXmlDataGenerator.m; path = Model/SENXmlDataGenerator.m; sourceTree = "<group>"; };
		0EDFB9BA1890AD83002909F4 /* Model.xcdatamodel */ = {isa = PBXFileReference; lastKnownFileType = wrapper.xcdatamodel; path = Model.xcdatamodel; sourceTree = "<group>"; };
		0EDFB9BC1890AEEA002909F4 /* SENQuestionnaire.h */ = {isa = PBXFileReference; fileEncoding = 4; lastKnownFileType = sourcecode.c.h; name = SENQuestionnaire.h; path = Model/SENQuestionnaire.h; sourceTree = "<group>"; };
		0EDFB9BD1890AEEA002909F4 /* SENQuestionnaire.m */ = {isa = PBXFileReference; fileEncoding = 4; lastKnownFileType = sourcecode.c.objc; name = SENQuestionnaire.m; path = Model/SENQuestionnaire.m; sourceTree = "<group>"; };
/* End PBXFileReference section */

/* Begin PBXFrameworksBuildPhase section */
		0E10AC32188609BB00765FA1 /* Frameworks */ = {
			isa = PBXFrameworksBuildPhase;
			buildActionMask = 2147483647;
			files = (
				0E1136441897B59300873032 /* GLKit.framework in Frameworks */,
				0E1136451897B59300873032 /* OpenGLES.framework in Frameworks */,
				0E823F10188D538E0028D65B /* SystemConfiguration.framework in Frameworks */,
				0E823F0E188D53840028D65B /* Security.framework in Frameworks */,
				0E823F0C188D537C0028D65B /* QuartzCore.framework in Frameworks */,
				0E823F0A188D53700028D65B /* CoreText.framework in Frameworks */,
				0E823EE9188CA5FB0028D65B /* libpd-ios.a in Frameworks */,
				0ED0FAEC18880197003B3136 /* AudioToolbox.framework in Frameworks */,
				0ED0FAED18880197003B3136 /* AVFoundation.framework in Frameworks */,
				0ED29EA41886C8140020D478 /* CoreBluetooth.framework in Frameworks */,
				0EC0F154188D64E900D4C7E7 /* HockeySDK.framework in Frameworks */,
				0E10AC3B188609BB00765FA1 /* CoreGraphics.framework in Frameworks */,
				0E10AC3D188609BB00765FA1 /* UIKit.framework in Frameworks */,
				0E10AC39188609BB00765FA1 /* Foundation.framework in Frameworks */,
			);
			runOnlyForDeploymentPostprocessing = 0;
		};
		0E10AC56188609BB00765FA1 /* Frameworks */ = {
			isa = PBXFrameworksBuildPhase;
			buildActionMask = 2147483647;
			files = (
				0E10AC5B188609BB00765FA1 /* XCTest.framework in Frameworks */,
				0E10AC5D188609BB00765FA1 /* UIKit.framework in Frameworks */,
				0E10AC5C188609BB00765FA1 /* Foundation.framework in Frameworks */,
			);
			runOnlyForDeploymentPostprocessing = 0;
		};
/* End PBXFrameworksBuildPhase section */

/* Begin PBXGroup section */
		0E04A9651888C8B5006C8CF8 /* PD */ = {
			isa = PBXGroup;
			children = (
				0ED0FAFE188804C8003B3136 /* SENPDDriver.h */,
				0ED0FAFF188804C8003B3136 /* SENPDDriver.m */,
			);
			name = PD;
			sourceTree = "<group>";
		};
		0E10AC2C188609BB00765FA1 = {
			isa = PBXGroup;
			children = (
				0E10AC53188609BB00765FA1 /* Images.xcassets */,
				0EDFB9B91890AD83002909F4 /* Model.xcdatamodeld */,
				0EC0F15D188D6A8600D4C7E7 /* Main_iPad.storyboard */,
				0EC0F15B188D6A6100D4C7E7 /* Settings.bundle */,
				0E823EF7188D530F0028D65B /* Vendor */,
				0E823EE0188CA5F50028D65B /* libpd.xcodeproj */,
				0E10AC3E188609BB00765FA1 /* HPV */,
				0E10AC60188609BB00765FA1 /* SchoolInterfaceTests */,
				0E10AC37188609BB00765FA1 /* Frameworks */,
				0E10AC36188609BB00765FA1 /* Products */,
			);
			sourceTree = "<group>";
		};
		0E10AC36188609BB00765FA1 /* Products */ = {
			isa = PBXGroup;
			children = (
				0E10AC35188609BB00765FA1 /* HPV.app */,
				0E10AC59188609BB00765FA1 /* HPVTests.xctest */,
			);
			name = Products;
			sourceTree = "<group>";
		};
		0E10AC37188609BB00765FA1 /* Frameworks */ = {
			isa = PBXGroup;
			children = (
				0E1136421897B59300873032 /* GLKit.framework */,
				0E1136431897B59300873032 /* OpenGLES.framework */,
				0E823F0F188D538E0028D65B /* SystemConfiguration.framework */,
				0E823F0D188D53840028D65B /* Security.framework */,
				0E823F0B188D537C0028D65B /* QuartzCore.framework */,
				0E823F09188D53700028D65B /* CoreText.framework */,
				0ED0FAEA18880197003B3136 /* AudioToolbox.framework */,
				0ED0FAEB18880197003B3136 /* AVFoundation.framework */,
				0ED29EA31886C8140020D478 /* CoreBluetooth.framework */,
				0ED29E9E1886C60D0020D478 /* BLE_Framework */,
				0E10AC38188609BB00765FA1 /* Foundation.framework */,
				0E10AC3A188609BB00765FA1 /* CoreGraphics.framework */,
				0E10AC3C188609BB00765FA1 /* UIKit.framework */,
				0E10AC5A188609BB00765FA1 /* XCTest.framework */,
			);
			name = Frameworks;
			sourceTree = "<group>";
		};
		0E10AC3E188609BB00765FA1 /* HPV */ = {
			isa = PBXGroup;
			children = (
				0E10ACB718861DFD00765FA1 /* Controllers */,
				0ED0FB021888057C003B3136 /* Model */,
				0E10AC3F188609BB00765FA1 /* Supporting Files */,
			);
			name = HPV;
			path = SchoolInterface;
			sourceTree = "<group>";
		};
		0E10AC3F188609BB00765FA1 /* Supporting Files */ = {
			isa = PBXGroup;
			children = (
				0E10AC47188609BB00765FA1 /* SENAppDelegate.h */,
				0E10AC48188609BB00765FA1 /* SENAppDelegate.m */,
				0E10AC40188609BB00765FA1 /* HPV-Info.plist */,
				0E10AC41188609BB00765FA1 /* InfoPlist.strings */,
				0E10AC44188609BB00765FA1 /* main.m */,
				0E10AC46188609BB00765FA1 /* HPV-Prefix.pch */,
			);
			name = "Supporting Files";
			sourceTree = "<group>";
		};
		0E10AC60188609BB00765FA1 /* SchoolInterfaceTests */ = {
			isa = PBXGroup;
			children = (
				0E10AC66188609BB00765FA1 /* SchoolInterfaceTests.m */,
				0E10AC61188609BB00765FA1 /* Supporting Files */,
			);
			path = SchoolInterfaceTests;
			sourceTree = "<group>";
		};
		0E10AC61188609BB00765FA1 /* Supporting Files */ = {
			isa = PBXGroup;
			children = (
				0E10AC62188609BB00765FA1 /* HPVTests-Info.plist */,
				0E10AC63188609BB00765FA1 /* InfoPlist.strings */,
			);
			name = "Supporting Files";
			sourceTree = "<group>";
		};
		0E10ACB718861DFD00765FA1 /* Controllers */ = {
			isa = PBXGroup;
			children = (
				0E06A6C118863DB90018ECDB /* SENViewController.h */,
				0E06A6C218863DB90018ECDB /* SENViewController.m */,
				0ED0FAF2188802DF003B3136 /* BLEDevice.h */,
				0ED0FAF3188802DF003B3136 /* BLEDevice.m */,
				0E10ACB418861DFA00765FA1 /* SENQuestionnaireTabViewController.h */,
				0E10ACB518861DFA00765FA1 /* SENQuestionnaireTabViewController.m */,
			);
			name = Controllers;
			sourceTree = "<group>";
		};
		0E11363D1897B51000873032 /* Game */ = {
			isa = PBXGroup;
			children = (
				0E11363F1897B53400873032 /* SENRing.h */,
				0E1136401897B53400873032 /* SENRing.m */,
			);
			name = Game;
			sourceTree = "<group>";
		};
		0E823EE1188CA5F50028D65B /* Products */ = {
			isa = PBXGroup;
			children = (
				0E823EE6188CA5F60028D65B /* libpd-ios.a */,
				0E823EE8188CA5F60028D65B /* libpd-osx.a */,
			);
			name = Products;
			sourceTree = "<group>";
		};
		0E823EF4188CC0390028D65B /* Utilities */ = {
			isa = PBXGroup;
			children = (
				0ED0FB03188805A1003B3136 /* constants.h */,
				0E823EF1188CB8FB0028D65B /* SENUserDefaultsHelper.h */,
				0E823EF2188CB8FB0028D65B /* SENUserDefaultsHelper.m */,
				0E9849661892969A0037E6B5 /* SENUtilities.h */,
				0E9849671892969A0037E6B5 /* SENUtilities.m */,
			);
			name = Utilities;
			sourceTree = "<group>";
		};
		0E823EF5188CC0460028D65B /* Session Data */ = {
			isa = PBXGroup;
			children = (
				0ED0FB071888089E003B3136 /* SENPulseReliability.h */,
				0ED0FB081888089E003B3136 /* SENPulseReliability.m */,
				0ED0FB041888081C003B3136 /* SENSessionData.h */,
				0ED0FB051888081C003B3136 /* SENSessionData.m */,
				0ED0FB0A18880917003B3136 /* SENIBIData.h */,
				0ED0FB0B18880917003B3136 /* SENIBIData.m */,
				0EDFB9AB1890A3B7002909F4 /* SENXmlDataGenerator.h */,
				0EDFB9AC1890A3B7002909F4 /* SENXmlDataGenerator.m */,
				0EDFB9BC1890AEEA002909F4 /* SENQuestionnaire.h */,
				0EDFB9BD1890AEEA002909F4 /* SENQuestionnaire.m */,
			);
			name = "Session Data";
			sourceTree = "<group>";
		};
		0E823EF7188D530F0028D65B /* Vendor */ = {
			isa = PBXGroup;
			children = (
				0EC0F14F188D64E900D4C7E7 /* HockeySDK.embeddedframework */,
			);
			name = Vendor;
			sourceTree = "<group>";
		};
		0E82B35B1891E91A00FE5B9C /* AFNetworking */ = {
			isa = PBXGroup;
			children = (
				0E82B35C1891E91A00FE5B9C /* AFHTTPRequestOperation.h */,
				0E82B35D1891E91A00FE5B9C /* AFHTTPRequestOperation.m */,
				0E82B35E1891E91A00FE5B9C /* AFHTTPRequestOperationManager.h */,
				0E82B35F1891E91A00FE5B9C /* AFHTTPRequestOperationManager.m */,
				0E82B3601891E91A00FE5B9C /* AFHTTPSessionManager.h */,
				0E82B3611891E91A00FE5B9C /* AFHTTPSessionManager.m */,
				0E82B3621891E91A00FE5B9C /* AFNetworking.h */,
				0E82B3631891E91A00FE5B9C /* AFNetworkReachabilityManager.h */,
				0E82B3641891E91A00FE5B9C /* AFNetworkReachabilityManager.m */,
				0E82B3651891E91A00FE5B9C /* AFSecurityPolicy.h */,
				0E82B3661891E91A00FE5B9C /* AFSecurityPolicy.m */,
				0E82B3671891E91A00FE5B9C /* AFURLConnectionOperation.h */,
				0E82B3681891E91A00FE5B9C /* AFURLConnectionOperation.m */,
				0E82B3691891E91A00FE5B9C /* AFURLRequestSerialization.h */,
				0E82B36A1891E91A00FE5B9C /* AFURLRequestSerialization.m */,
				0E82B36B1891E91A00FE5B9C /* AFURLResponseSerialization.h */,
				0E82B36C1891E91A00FE5B9C /* AFURLResponseSerialization.m */,
				0E82B36D1891E91A00FE5B9C /* AFURLSessionManager.h */,
				0E82B36E1891E91A00FE5B9C /* AFURLSessionManager.m */,
			);
			path = AFNetworking;
			sourceTree = "<group>";
		};
		0EC0F14F188D64E900D4C7E7 /* HockeySDK.embeddedframework */ = {
			isa = PBXGroup;
			children = (
				0EC0F150188D64E900D4C7E7 /* HockeySDK.framework */,
				0EC0F151188D64E900D4C7E7 /* Resources */,
			);
			name = HockeySDK.embeddedframework;
			path = "SchoolInterface/Vendor/HockeySDK-iOS/HockeySDK.embeddedframework";
			sourceTree = "<group>";
		};
		0EC0F151188D64E900D4C7E7 /* Resources */ = {
			isa = PBXGroup;
			children = (
				0EC0F152188D64E900D4C7E7 /* HockeySDK.xcconfig */,
				0EC0F153188D64E900D4C7E7 /* HockeySDKResources.bundle */,
			);
			path = Resources;
			sourceTree = "<group>";
		};
		0EC0F164188D715A00D4C7E7 /* LibPD */ = {
			isa = PBXGroup;
			children = (
				0EC0F165188D716800D4C7E7 /* PdBase.h */,
			);
			name = LibPD;
			sourceTree = "<group>";
		};
		0EC6A1A31898BB5A00451249 /* rfduino */ = {
			isa = PBXGroup;
			children = (
				0EC6A1A41898BB8D00451249 /* RFduino.h */,
				0EC6A1A51898BB8D00451249 /* RFduino.m */,
				0EC6A1A71898BB8D00451249 /* RfduinoManager.h */,
				0EC6A1A81898BB8D00451249 /* RfduinoManager.m */,
			);
			name = rfduino;
			sourceTree = "<group>";
		};
		0ED0FB021888057C003B3136 /* Model */ = {
			isa = PBXGroup;
			children = (
				0EC6A1A31898BB5A00451249 /* rfduino */,
				0E11363D1897B51000873032 /* Game */,
				0E823EF4188CC0390028D65B /* Utilities */,
				0E04A9651888C8B5006C8CF8 /* PD */,
				0E823EF5188CC0460028D65B /* Session Data */,
				0E82B35B1891E91A00FE5B9C /* AFNetworking */,
				0EC0F164188D715A00D4C7E7 /* LibPD */,
			);
			name = Model;
			sourceTree = "<group>";
		};
		0ED29E9E1886C60D0020D478 /* BLE_Framework */ = {
			isa = PBXGroup;
			children = (
				0ED0FAF6188802FB003B3136 /* BLE.h */,
				0ED0FAF7188802FB003B3136 /* BLE.m */,
				0ED0FAF8188802FB003B3136 /* BLEDefines.h */,
			);
			name = BLE_Framework;
			sourceTree = "<group>";
		};
/* End PBXGroup section */

/* Begin PBXNativeTarget section */
		0E10AC34188609BB00765FA1 /* HPV */ = {
			isa = PBXNativeTarget;
			buildConfigurationList = 0E10AC6A188609BB00765FA1 /* Build configuration list for PBXNativeTarget "HPV" */;
			buildPhases = (
				0E10AC31188609BB00765FA1 /* Sources */,
				0E10AC32188609BB00765FA1 /* Frameworks */,
				0E361042189601F900FA8772 /* ShellScript */,
				0E10AC33188609BB00765FA1 /* Resources */,
			);
			buildRules = (
			);
			dependencies = (
				0E823EEB188CA5FF0028D65B /* PBXTargetDependency */,
			);
			name = HPV;
			productName = SchoolInterface;
			productReference = 0E10AC35188609BB00765FA1 /* HPV.app */;
			productType = "com.apple.product-type.application";
		};
		0E10AC58188609BB00765FA1 /* HPVTests */ = {
			isa = PBXNativeTarget;
			buildConfigurationList = 0E10AC6D188609BB00765FA1 /* Build configuration list for PBXNativeTarget "HPVTests" */;
			buildPhases = (
				0E10AC55188609BB00765FA1 /* Sources */,
				0E10AC56188609BB00765FA1 /* Frameworks */,
				0E10AC57188609BB00765FA1 /* Resources */,
			);
			buildRules = (
			);
			dependencies = (
				0E10AC5F188609BB00765FA1 /* PBXTargetDependency */,
			);
			name = HPVTests;
			productName = SchoolInterfaceTests;
			productReference = 0E10AC59188609BB00765FA1 /* HPVTests.xctest */;
			productType = "com.apple.product-type.bundle.unit-test";
		};
/* End PBXNativeTarget section */

/* Begin PBXProject section */
		0E10AC2D188609BB00765FA1 /* Project object */ = {
			isa = PBXProject;
			attributes = {
				CLASSPREFIX = SEN;
				LastUpgradeCheck = 0500;
				ORGANIZATIONNAME = "Sensorium Health";
				TargetAttributes = {
					0E10AC34188609BB00765FA1 = {
						DevelopmentTeam = H6CW4LUYWC;
						SystemCapabilities = {
							com.apple.BackgroundModes = {
								enabled = 1;
							};
						};
					};
					0E10AC58188609BB00765FA1 = {
						TestTargetID = 0E10AC34188609BB00765FA1;
					};
				};
			};
			buildConfigurationList = 0E10AC30188609BB00765FA1 /* Build configuration list for PBXProject "HPV" */;
			compatibilityVersion = "Xcode 3.2";
			developmentRegion = English;
			hasScannedForEncodings = 0;
			knownRegions = (
				en,
				Base,
			);
			mainGroup = 0E10AC2C188609BB00765FA1;
			productRefGroup = 0E10AC36188609BB00765FA1 /* Products */;
			projectDirPath = "";
			projectReferences = (
				{
					ProductGroup = 0E823EE1188CA5F50028D65B /* Products */;
					ProjectRef = 0E823EE0188CA5F50028D65B /* libpd.xcodeproj */;
				},
			);
			projectRoot = "";
			targets = (
				0E10AC34188609BB00765FA1 /* HPV */,
				0E10AC58188609BB00765FA1 /* HPVTests */,
			);
		};
/* End PBXProject section */

/* Begin PBXReferenceProxy section */
		0E823EE6188CA5F60028D65B /* libpd-ios.a */ = {
			isa = PBXReferenceProxy;
			fileType = archive.ar;
			path = "libpd-ios.a";
			remoteRef = 0E823EE5188CA5F60028D65B /* PBXContainerItemProxy */;
			sourceTree = BUILT_PRODUCTS_DIR;
		};
		0E823EE8188CA5F60028D65B /* libpd-osx.a */ = {
			isa = PBXReferenceProxy;
			fileType = archive.ar;
			path = "libpd-osx.a";
			remoteRef = 0E823EE7188CA5F60028D65B /* PBXContainerItemProxy */;
			sourceTree = BUILT_PRODUCTS_DIR;
		};
/* End PBXReferenceProxy section */

/* Begin PBXResourcesBuildPhase section */
		0E10AC33188609BB00765FA1 /* Resources */ = {
			isa = PBXResourcesBuildPhase;
			buildActionMask = 2147483647;
			files = (
				0EC0F155188D64E900D4C7E7 /* HockeySDK.xcconfig in Resources */,
				0E10AC54188609BB00765FA1 /* Images.xcassets in Resources */,
				0E10AC43188609BB00765FA1 /* InfoPlist.strings in Resources */,
				0EC0F15F188D6A8600D4C7E7 /* Main_iPad.storyboard in Resources */,
				0EC0F15C188D6A6100D4C7E7 /* Settings.bundle in Resources */,
				0EC0F156188D64E900D4C7E7 /* HockeySDKResources.bundle in Resources */,
			);
			runOnlyForDeploymentPostprocessing = 0;
		};
		0E10AC57188609BB00765FA1 /* Resources */ = {
			isa = PBXResourcesBuildPhase;
			buildActionMask = 2147483647;
			files = (
				0E10AC65188609BB00765FA1 /* InfoPlist.strings in Resources */,
			);
			runOnlyForDeploymentPostprocessing = 0;
		};
/* End PBXResourcesBuildPhase section */

/* Begin PBXShellScriptBuildPhase section */
		0E361042189601F900FA8772 /* ShellScript */ = {
			isa = PBXShellScriptBuildPhase;
			buildActionMask = 2147483647;
			files = (
			);
			inputPaths = (
			);
			outputPaths = (
			);
			runOnlyForDeploymentPostprocessing = 0;
			shellPath = /bin/sh;
			shellScript = "buildNumber=$(/usr/libexec/PlistBuddy -c \"Print CFBundleVersion\" \"$INFOPLIST_FILE\")\nbuildNumber=`echo $buildNumber +1|bc`\n/usr/libexec/PlistBuddy -c \"Set :CFBundleVersion $buildNumber\" \"$INFOPLIST_FILE\"\n";
		};
/* End PBXShellScriptBuildPhase section */

/* Begin PBXSourcesBuildPhase section */
		0E10AC31188609BB00765FA1 /* Sources */ = {
			isa = PBXSourcesBuildPhase;
			buildActionMask = 2147483647;
			files = (
				0ED0FAF5188802DF003B3136 /* BLEDevice.m in Sources */,
				0EC6A1AA1898BB8D00451249 /* RFduino.m in Sources */,
				0E06A6C318863DB90018ECDB /* SENViewController.m in Sources */,
				0E10AC45188609BB00765FA1 /* main.m in Sources */,
				0E9849681892969A0037E6B5 /* SENUtilities.m in Sources */,
				0E823EF3188CB8FB0028D65B /* SENUserDefaultsHelper.m in Sources */,
				0E82B3761891E91A00FE5B9C /* AFURLResponseSerialization.m in Sources */,
				0EC6A1AB1898BB8D00451249 /* RfduinoManager.m in Sources */,
				0E82B3741891E91A00FE5B9C /* AFURLConnectionOperation.m in Sources */,
				0EDFB9AD1890A3B7002909F4 /* SENXmlDataGenerator.m in Sources */,
				0ED0FAF9188802FB003B3136 /* BLE.m in Sources */,
				0E1136411897B53400873032 /* SENRing.m in Sources */,
				0E82B3701891E91A00FE5B9C /* AFHTTPRequestOperationManager.m in Sources */,
				0E10ACB618861DFA00765FA1 /* SENQuestionnaireTabViewController.m in Sources */,
				0E82B3731891E91A00FE5B9C /* AFSecurityPolicy.m in Sources */,
				0ED0FB061888081C003B3136 /* SENSessionData.m in Sources */,
				0ED0FB00188804C8003B3136 /* SENPDDriver.m in Sources */,
				0E82B3751891E91A00FE5B9C /* AFURLRequestSerialization.m in Sources */,
				0E82B3721891E91A00FE5B9C /* AFNetworkReachabilityManager.m in Sources */,
				0E10AC49188609BB00765FA1 /* SENAppDelegate.m in Sources */,
				0EDFB9BE1890AEEA002909F4 /* SENQuestionnaire.m in Sources */,
				0ED0FB0C18880917003B3136 /* SENIBIData.m in Sources */,
				0E82B36F1891E91A00FE5B9C /* AFHTTPRequestOperation.m in Sources */,
				0EDFB9BB1890AD83002909F4 /* Model.xcdatamodeld in Sources */,
				0E82B3711891E91A00FE5B9C /* AFHTTPSessionManager.m in Sources */,
				0ED0FB091888089E003B3136 /* SENPulseReliability.m in Sources */,
				0E82B3771891E91A00FE5B9C /* AFURLSessionManager.m in Sources */,
			);
			runOnlyForDeploymentPostprocessing = 0;
		};
		0E10AC55188609BB00765FA1 /* Sources */ = {
			isa = PBXSourcesBuildPhase;
			buildActionMask = 2147483647;
			files = (
				0E10AC67188609BB00765FA1 /* SchoolInterfaceTests.m in Sources */,
			);
			runOnlyForDeploymentPostprocessing = 0;
		};
/* End PBXSourcesBuildPhase section */

/* Begin PBXTargetDependency section */
		0E10AC5F188609BB00765FA1 /* PBXTargetDependency */ = {
			isa = PBXTargetDependency;
			target = 0E10AC34188609BB00765FA1 /* HPV */;
			targetProxy = 0E10AC5E188609BB00765FA1 /* PBXContainerItemProxy */;
		};
		0E823EEB188CA5FF0028D65B /* PBXTargetDependency */ = {
			isa = PBXTargetDependency;
			name = "libpd-ios";
			targetProxy = 0E823EEA188CA5FF0028D65B /* PBXContainerItemProxy */;
		};
/* End PBXTargetDependency section */

/* Begin PBXVariantGroup section */
		0E10AC41188609BB00765FA1 /* InfoPlist.strings */ = {
			isa = PBXVariantGroup;
			children = (
				0E10AC42188609BB00765FA1 /* en */,
			);
			name = InfoPlist.strings;
			sourceTree = "<group>";
		};
		0E10AC63188609BB00765FA1 /* InfoPlist.strings */ = {
			isa = PBXVariantGroup;
			children = (
				0E10AC64188609BB00765FA1 /* en */,
			);
			name = InfoPlist.strings;
			sourceTree = "<group>";
		};
		0EC0F15D188D6A8600D4C7E7 /* Main_iPad.storyboard */ = {
			isa = PBXVariantGroup;
			children = (
				0EC0F15E188D6A8600D4C7E7 /* Base */,
			);
			name = Main_iPad.storyboard;
			sourceTree = "<group>";
		};
/* End PBXVariantGroup section */

/* Begin XCBuildConfiguration section */
		0E10AC68188609BB00765FA1 /* Debug */ = {
			isa = XCBuildConfiguration;
			buildSettings = {
				ALWAYS_SEARCH_USER_PATHS = NO;
				ARCHS = "$(ARCHS_STANDARD_INCLUDING_64_BIT)";
				CLANG_CXX_LANGUAGE_STANDARD = "gnu++0x";
				CLANG_CXX_LIBRARY = "libc++";
				CLANG_ENABLE_MODULES = YES;
				CLANG_ENABLE_OBJC_ARC = YES;
				CLANG_WARN_BOOL_CONVERSION = YES;
				CLANG_WARN_CONSTANT_CONVERSION = YES;
				CLANG_WARN_DIRECT_OBJC_ISA_USAGE = YES_ERROR;
				CLANG_WARN_EMPTY_BODY = YES;
				CLANG_WARN_ENUM_CONVERSION = YES;
				CLANG_WARN_INT_CONVERSION = YES;
				CLANG_WARN_OBJC_ROOT_CLASS = YES_ERROR;
				CLANG_WARN__DUPLICATE_METHOD_MATCH = YES;
				"CODE_SIGN_IDENTITY[sdk=iphoneos*]" = "iPhone Developer";
				COPY_PHASE_STRIP = NO;
				GCC_C_LANGUAGE_STANDARD = gnu99;
				GCC_DYNAMIC_NO_PIC = NO;
				GCC_OPTIMIZATION_LEVEL = 0;
				GCC_PREPROCESSOR_DEFINITIONS = (
					"DEBUG=1",
					"$(inherited)",
				);
				GCC_SYMBOLS_PRIVATE_EXTERN = NO;
				GCC_WARN_64_TO_32_BIT_CONVERSION = YES;
				GCC_WARN_ABOUT_RETURN_TYPE = YES_ERROR;
				GCC_WARN_UNDECLARED_SELECTOR = YES;
				GCC_WARN_UNINITIALIZED_AUTOS = YES;
				GCC_WARN_UNUSED_FUNCTION = YES;
				GCC_WARN_UNUSED_VARIABLE = YES;
				IPHONEOS_DEPLOYMENT_TARGET = 7.0;
				ONLY_ACTIVE_ARCH = YES;
				SDKROOT = iphoneos;
				TARGETED_DEVICE_FAMILY = "1,2";
				VALID_ARCHS = "armv7 armv7s";
			};
			name = Debug;
		};
		0E10AC69188609BB00765FA1 /* Release */ = {
			isa = XCBuildConfiguration;
			buildSettings = {
				ALWAYS_SEARCH_USER_PATHS = NO;
				ARCHS = "$(ARCHS_STANDARD_INCLUDING_64_BIT)";
				CLANG_CXX_LANGUAGE_STANDARD = "gnu++0x";
				CLANG_CXX_LIBRARY = "libc++";
				CLANG_ENABLE_MODULES = YES;
				CLANG_ENABLE_OBJC_ARC = YES;
				CLANG_WARN_BOOL_CONVERSION = YES;
				CLANG_WARN_CONSTANT_CONVERSION = YES;
				CLANG_WARN_DIRECT_OBJC_ISA_USAGE = YES_ERROR;
				CLANG_WARN_EMPTY_BODY = YES;
				CLANG_WARN_ENUM_CONVERSION = YES;
				CLANG_WARN_INT_CONVERSION = YES;
				CLANG_WARN_OBJC_ROOT_CLASS = YES_ERROR;
				CLANG_WARN__DUPLICATE_METHOD_MATCH = YES;
				"CODE_SIGN_IDENTITY[sdk=iphoneos*]" = "iPhone Developer";
				COPY_PHASE_STRIP = YES;
				ENABLE_NS_ASSERTIONS = NO;
				GCC_C_LANGUAGE_STANDARD = gnu99;
				GCC_WARN_64_TO_32_BIT_CONVERSION = YES;
				GCC_WARN_ABOUT_RETURN_TYPE = YES_ERROR;
				GCC_WARN_UNDECLARED_SELECTOR = YES;
				GCC_WARN_UNINITIALIZED_AUTOS = YES;
				GCC_WARN_UNUSED_FUNCTION = YES;
				GCC_WARN_UNUSED_VARIABLE = YES;
				IPHONEOS_DEPLOYMENT_TARGET = 7.0;
				SDKROOT = iphoneos;
				TARGETED_DEVICE_FAMILY = "1,2";
				VALIDATE_PRODUCT = YES;
				VALID_ARCHS = "armv7 armv7s";
			};
			name = Release;
		};
		0E10AC6B188609BB00765FA1 /* Debug */ = {
			isa = XCBuildConfiguration;
			buildSettings = {
				ASSETCATALOG_COMPILER_APPICON_NAME = AppIcon;
				ASSETCATALOG_COMPILER_LAUNCHIMAGE_NAME = LaunchImage;
				CODE_SIGN_IDENTITY = "iPhone Developer";
				"CODE_SIGN_IDENTITY[sdk=iphoneos*]" = "iPhone Developer";
				FRAMEWORK_SEARCH_PATHS = (
					"$(inherited)",
					"/Users/jman/Developer/Learning-Objective-C/My\\ Apps/SchoolInterface/SchoolInterface/Vendor/HockeySDK-iOS/HockeySDK.embeddedframework",
					"/Users/jman/Developer/Learning-Objective-C/My\\ Apps/SchoolInterface/SchoolInterface/Vendor/HockeySDK-iOS/HockeySDK.embeddedframework",
				);
				GCC_PRECOMPILE_PREFIX_HEADER = YES;
				GCC_PREFIX_HEADER = "SchoolInterface/HPV-Prefix.pch";
				INFOPLIST_FILE = "SchoolInterface/HPV-Info.plist";
				ONLY_ACTIVE_ARCH = NO;
				PRODUCT_NAME = HPV;
				PROVISIONING_PROFILE = "";
				TARGETED_DEVICE_FAMILY = 2;
				USER_HEADER_SEARCH_PATHS = "../../../C-Libraries/libpd/**";
				WRAPPER_EXTENSION = app;
			};
			name = Debug;
		};
		0E10AC6C188609BB00765FA1 /* Release */ = {
			isa = XCBuildConfiguration;
			buildSettings = {
				ASSETCATALOG_COMPILER_APPICON_NAME = AppIcon;
				ASSETCATALOG_COMPILER_LAUNCHIMAGE_NAME = LaunchImage;
				CODE_SIGN_IDENTITY = "iPhone Developer";
				"CODE_SIGN_IDENTITY[sdk=iphoneos*]" = "iPhone Developer";
				FRAMEWORK_SEARCH_PATHS = (
					"$(inherited)",
					"/Users/jman/Developer/Learning-Objective-C/My\\ Apps/SchoolInterface/SchoolInterface/Vendor/HockeySDK-iOS/HockeySDK.embeddedframework",
					"/Users/jman/Developer/Learning-Objective-C/My\\ Apps/SchoolInterface/SchoolInterface/Vendor/HockeySDK-iOS/HockeySDK.embeddedframework",
				);
				GCC_PRECOMPILE_PREFIX_HEADER = YES;
				GCC_PREFIX_HEADER = "SchoolInterface/HPV-Prefix.pch";
				INFOPLIST_FILE = "SchoolInterface/HPV-Info.plist";
				PRODUCT_NAME = HPV;
				PROVISIONING_PROFILE = "";
				TARGETED_DEVICE_FAMILY = 2;
				USER_HEADER_SEARCH_PATHS = "../../../C-Libraries/libpd/**";
				WRAPPER_EXTENSION = app;
			};
			name = Release;
		};
		0E10AC6E188609BB00765FA1 /* Debug */ = {
			isa = XCBuildConfiguration;
			buildSettings = {
				ARCHS = "$(ARCHS_STANDARD_INCLUDING_64_BIT)";
				BUNDLE_LOADER = "$(BUILT_PRODUCTS_DIR)/SchoolInterface.app/SchoolInterface";
				FRAMEWORK_SEARCH_PATHS = (
					"$(SDKROOT)/Developer/Library/Frameworks",
					"$(inherited)",
					"$(DEVELOPER_FRAMEWORKS_DIR)",
				);
				GCC_PRECOMPILE_PREFIX_HEADER = YES;
				GCC_PREFIX_HEADER = "SchoolInterface/SchoolInterface-Prefix.pch";
				GCC_PREPROCESSOR_DEFINITIONS = (
					"DEBUG=1",
					"$(inherited)",
				);
				INFOPLIST_FILE = "SchoolInterfaceTests/HPVTests-Info.plist";
				PRODUCT_NAME = HPVTests;
				TEST_HOST = "$(BUNDLE_LOADER)";
				WRAPPER_EXTENSION = xctest;
			};
			name = Debug;
		};
		0E10AC6F188609BB00765FA1 /* Release */ = {
			isa = XCBuildConfiguration;
			buildSettings = {
				ARCHS = "$(ARCHS_STANDARD_INCLUDING_64_BIT)";
				BUNDLE_LOADER = "$(BUILT_PRODUCTS_DIR)/SchoolInterface.app/SchoolInterface";
				FRAMEWORK_SEARCH_PATHS = (
					"$(SDKROOT)/Developer/Library/Frameworks",
					"$(inherited)",
					"$(DEVELOPER_FRAMEWORKS_DIR)",
				);
				GCC_PRECOMPILE_PREFIX_HEADER = YES;
				GCC_PREFIX_HEADER = "SchoolInterface/SchoolInterface-Prefix.pch";
				INFOPLIST_FILE = "SchoolInterfaceTests/HPVTests-Info.plist";
				PRODUCT_NAME = HPVTests;
				TEST_HOST = "$(BUNDLE_LOADER)";
				WRAPPER_EXTENSION = xctest;
			};
			name = Release;
		};
/* End XCBuildConfiguration section */

/* Begin XCConfigurationList section */
		0E10AC30188609BB00765FA1 /* Build configuration list for PBXProject "HPV" */ = {
			isa = XCConfigurationList;
			buildConfigurations = (
				0E10AC68188609BB00765FA1 /* Debug */,
				0E10AC69188609BB00765FA1 /* Release */,
			);
			defaultConfigurationIsVisible = 0;
			defaultConfigurationName = Release;
		};
		0E10AC6A188609BB00765FA1 /* Build configuration list for PBXNativeTarget "HPV" */ = {
			isa = XCConfigurationList;
			buildConfigurations = (
				0E10AC6B188609BB00765FA1 /* Debug */,
				0E10AC6C188609BB00765FA1 /* Release */,
			);
			defaultConfigurationIsVisible = 0;
			defaultConfigurationName = Release;
		};
		0E10AC6D188609BB00765FA1 /* Build configuration list for PBXNativeTarget "HPVTests" */ = {
			isa = XCConfigurationList;
			buildConfigurations = (
				0E10AC6E188609BB00765FA1 /* Debug */,
				0E10AC6F188609BB00765FA1 /* Release */,
			);
			defaultConfigurationIsVisible = 0;
			defaultConfigurationName = Release;
		};
/* End XCConfigurationList section */

/* Begin XCVersionGroup section */
		0EDFB9B91890AD83002909F4 /* Model.xcdatamodeld */ = {
			isa = XCVersionGroup;
			children = (
				0EAB03191891367D0076E906 /* Model 2.xcdatamodel */,
				0EAB031B189155B60076E906 /* Model 3.xcdatamodel */,
				0E984963189286100037E6B5 /* Model 4.xcdatamodel */,
				0EDFB9BA1890AD83002909F4 /* Model.xcdatamodel */,
			);
			currentVersion = 0E984963189286100037E6B5 /* Model 4.xcdatamodel */;
			name = Model.xcdatamodeld;
			path = SchoolInterface/Model.xcdatamodeld;
			sourceTree = "<group>";
			versionGroupType = wrapper.xcdatamodel;
		};
/* End XCVersionGroup section */
	};
	rootObject = 0E10AC2D188609BB00765FA1 /* Project object */;
}
