// !$*UTF8*$!
{
	archiveVersion = 1;
	classes = {
	};
	objectVersion = 46;
	objects = {

/* Begin PBXBuildFile section */
		0E75FD81187D5E930045BD2D /* Foundation.framework in Frameworks */ = {isa = PBXBuildFile; fileRef = 0E75FD80187D5E930045BD2D /* Foundation.framework */; };
		0E75FD83187D5E930045BD2D /* CoreGraphics.framework in Frameworks */ = {isa = PBXBuildFile; fileRef = 0E75FD82187D5E930045BD2D /* CoreGraphics.framework */; };
		0E75FD85187D5E930045BD2D /* UIKit.framework in Frameworks */ = {isa = PBXBuildFile; fileRef = 0E75FD84187D5E930045BD2D /* UIKit.framework */; };
		0E75FD8B187D5E930045BD2D /* InfoPlist.strings in Resources */ = {isa = PBXBuildFile; fileRef = 0E75FD89187D5E930045BD2D /* InfoPlist.strings */; };
		0E75FD8D187D5E930045BD2D /* main.m in Sources */ = {isa = PBXBuildFile; fileRef = 0E75FD8C187D5E930045BD2D /* main.m */; };
		0E75FD91187D5E930045BD2D /* SENAppDelegate.m in Sources */ = {isa = PBXBuildFile; fileRef = 0E75FD90187D5E930045BD2D /* SENAppDelegate.m */; };
		0E75FD93187D5E930045BD2D /* Images.xcassets in Resources */ = {isa = PBXBuildFile; fileRef = 0E75FD92187D5E930045BD2D /* Images.xcassets */; };
		0E75FD9A187D5E930045BD2D /* XCTest.framework in Frameworks */ = {isa = PBXBuildFile; fileRef = 0E75FD99187D5E930045BD2D /* XCTest.framework */; };
		0E75FD9B187D5E930045BD2D /* Foundation.framework in Frameworks */ = {isa = PBXBuildFile; fileRef = 0E75FD80187D5E930045BD2D /* Foundation.framework */; };
		0E75FD9C187D5E930045BD2D /* UIKit.framework in Frameworks */ = {isa = PBXBuildFile; fileRef = 0E75FD84187D5E930045BD2D /* UIKit.framework */; };
		0E75FDA4187D5E930045BD2D /* InfoPlist.strings in Resources */ = {isa = PBXBuildFile; fileRef = 0E75FDA2187D5E930045BD2D /* InfoPlist.strings */; };
		0E75FDA6187D5E930045BD2D /* ToDoListTests.m in Sources */ = {isa = PBXBuildFile; fileRef = 0E75FDA5187D5E930045BD2D /* ToDoListTests.m */; };
		0E75FDB2187D5F8A0045BD2D /* Main.storyboard in Resources */ = {isa = PBXBuildFile; fileRef = 0E75FDB1187D5F8A0045BD2D /* Main.storyboard */; };
		0E75FDB8187D6FDD0045BD2D /* SENAddToDoItemViewController.m in Sources */ = {isa = PBXBuildFile; fileRef = 0E75FDB7187D6FDD0045BD2D /* SENAddToDoItemViewController.m */; };
		0EAAC27F187E4A2A009437E9 /* SENToDoItem.m in Sources */ = {isa = PBXBuildFile; fileRef = 0EAAC27E187E4A2A009437E9 /* SENToDoItem.m */; };
		0EDECED2187E2A5C0032EC3F /* SENTodoListViewController.m in Sources */ = {isa = PBXBuildFile; fileRef = 0EDECED1187E2A5C0032EC3F /* SENTodoListViewController.m */; };
/* End PBXBuildFile section */

/* Begin PBXContainerItemProxy section */
		0E75FD9D187D5E930045BD2D /* PBXContainerItemProxy */ = {
			isa = PBXContainerItemProxy;
			containerPortal = 0E75FD75187D5E930045BD2D /* Project object */;
			proxyType = 1;
			remoteGlobalIDString = 0E75FD7C187D5E930045BD2D;
			remoteInfo = ToDoList;
		};
/* End PBXContainerItemProxy section */

/* Begin PBXFileReference section */
		0E75FD7D187D5E930045BD2D /* ToDoList.app */ = {isa = PBXFileReference; explicitFileType = wrapper.application; includeInIndex = 0; path = ToDoList.app; sourceTree = BUILT_PRODUCTS_DIR; };
		0E75FD80187D5E930045BD2D /* Foundation.framework */ = {isa = PBXFileReference; lastKnownFileType = wrapper.framework; name = Foundation.framework; path = System/Library/Frameworks/Foundation.framework; sourceTree = SDKROOT; };
		0E75FD82187D5E930045BD2D /* CoreGraphics.framework */ = {isa = PBXFileReference; lastKnownFileType = wrapper.framework; name = CoreGraphics.framework; path = System/Library/Frameworks/CoreGraphics.framework; sourceTree = SDKROOT; };
		0E75FD84187D5E930045BD2D /* UIKit.framework */ = {isa = PBXFileReference; lastKnownFileType = wrapper.framework; name = UIKit.framework; path = System/Library/Frameworks/UIKit.framework; sourceTree = SDKROOT; };
		0E75FD88187D5E930045BD2D /* ToDoList-Info.plist */ = {isa = PBXFileReference; lastKnownFileType = text.plist.xml; path = "ToDoList-Info.plist"; sourceTree = "<group>"; };
		0E75FD8A187D5E930045BD2D /* en */ = {isa = PBXFileReference; lastKnownFileType = text.plist.strings; name = en; path = en.lproj/InfoPlist.strings; sourceTree = "<group>"; };
		0E75FD8C187D5E930045BD2D /* main.m */ = {isa = PBXFileReference; lastKnownFileType = sourcecode.c.objc; path = main.m; sourceTree = "<group>"; };
		0E75FD8E187D5E930045BD2D /* ToDoList-Prefix.pch */ = {isa = PBXFileReference; lastKnownFileType = sourcecode.c.h; path = "ToDoList-Prefix.pch"; sourceTree = "<group>"; };
		0E75FD8F187D5E930045BD2D /* SENAppDelegate.h */ = {isa = PBXFileReference; lastKnownFileType = sourcecode.c.h; path = SENAppDelegate.h; sourceTree = "<group>"; };
		0E75FD90187D5E930045BD2D /* SENAppDelegate.m */ = {isa = PBXFileReference; lastKnownFileType = sourcecode.c.objc; path = SENAppDelegate.m; sourceTree = "<group>"; };
		0E75FD92187D5E930045BD2D /* Images.xcassets */ = {isa = PBXFileReference; lastKnownFileType = folder.assetcatalog; path = Images.xcassets; sourceTree = "<group>"; };
		0E75FD98187D5E930045BD2D /* ToDoListTests.xctest */ = {isa = PBXFileReference; explicitFileType = wrapper.cfbundle; includeInIndex = 0; path = ToDoListTests.xctest; sourceTree = BUILT_PRODUCTS_DIR; };
		0E75FD99187D5E930045BD2D /* XCTest.framework */ = {isa = PBXFileReference; lastKnownFileType = wrapper.framework; name = XCTest.framework; path = Library/Frameworks/XCTest.framework; sourceTree = DEVELOPER_DIR; };
		0E75FDA1187D5E930045BD2D /* ToDoListTests-Info.plist */ = {isa = PBXFileReference; lastKnownFileType = text.plist.xml; path = "ToDoListTests-Info.plist"; sourceTree = "<group>"; };
		0E75FDA3187D5E930045BD2D /* en */ = {isa = PBXFileReference; lastKnownFileType = text.plist.strings; name = en; path = en.lproj/InfoPlist.strings; sourceTree = "<group>"; };
		0E75FDA5187D5E930045BD2D /* ToDoListTests.m */ = {isa = PBXFileReference; lastKnownFileType = sourcecode.c.objc; path = ToDoListTests.m; sourceTree = "<group>"; };
		0E75FDB1187D5F8A0045BD2D /* Main.storyboard */ = {isa = PBXFileReference; fileEncoding = 4; lastKnownFileType = file.storyboard; name = Main.storyboard; path = ../Main.storyboard; sourceTree = "<group>"; };
		0E75FDB6187D6FDD0045BD2D /* SENAddToDoItemViewController.h */ = {isa = PBXFileReference; fileEncoding = 4; lastKnownFileType = sourcecode.c.h; name = SENAddToDoItemViewController.h; path = Controller/SENAddToDoItemViewController.h; sourceTree = "<group>"; };
		0E75FDB7187D6FDD0045BD2D /* SENAddToDoItemViewController.m */ = {isa = PBXFileReference; fileEncoding = 4; lastKnownFileType = sourcecode.c.objc; name = SENAddToDoItemViewController.m; path = Controller/SENAddToDoItemViewController.m; sourceTree = "<group>"; };
		0EAAC27D187E4A2A009437E9 /* SENToDoItem.h */ = {isa = PBXFileReference; fileEncoding = 4; lastKnownFileType = sourcecode.c.h; name = SENToDoItem.h; path = Model/SENToDoItem.h; sourceTree = "<group>"; };
		0EAAC27E187E4A2A009437E9 /* SENToDoItem.m */ = {isa = PBXFileReference; fileEncoding = 4; lastKnownFileType = sourcecode.c.objc; name = SENToDoItem.m; path = Model/SENToDoItem.m; sourceTree = "<group>"; };
		0EDECED0187E2A5C0032EC3F /* SENTodoListViewController.h */ = {isa = PBXFileReference; fileEncoding = 4; lastKnownFileType = sourcecode.c.h; name = SENTodoListViewController.h; path = Controller/SENTodoListViewController.h; sourceTree = "<group>"; };
		0EDECED1187E2A5C0032EC3F /* SENTodoListViewController.m */ = {isa = PBXFileReference; fileEncoding = 4; lastKnownFileType = sourcecode.c.objc; name = SENTodoListViewController.m; path = Controller/SENTodoListViewController.m; sourceTree = "<group>"; };
/* End PBXFileReference section */

/* Begin PBXFrameworksBuildPhase section */
		0E75FD7A187D5E930045BD2D /* Frameworks */ = {
			isa = PBXFrameworksBuildPhase;
			buildActionMask = 2147483647;
			files = (
				0E75FD83187D5E930045BD2D /* CoreGraphics.framework in Frameworks */,
				0E75FD85187D5E930045BD2D /* UIKit.framework in Frameworks */,
				0E75FD81187D5E930045BD2D /* Foundation.framework in Frameworks */,
			);
			runOnlyForDeploymentPostprocessing = 0;
		};
		0E75FD95187D5E930045BD2D /* Frameworks */ = {
			isa = PBXFrameworksBuildPhase;
			buildActionMask = 2147483647;
			files = (
				0E75FD9A187D5E930045BD2D /* XCTest.framework in Frameworks */,
				0E75FD9C187D5E930045BD2D /* UIKit.framework in Frameworks */,
				0E75FD9B187D5E930045BD2D /* Foundation.framework in Frameworks */,
			);
			runOnlyForDeploymentPostprocessing = 0;
		};
/* End PBXFrameworksBuildPhase section */

/* Begin PBXGroup section */
		0E75FD74187D5E930045BD2D = {
			isa = PBXGroup;
			children = (
				0E75FD86187D5E930045BD2D /* ToDoList */,
				0E75FD9F187D5E930045BD2D /* ToDoListTests */,
				0E75FD7F187D5E930045BD2D /* Frameworks */,
				0E75FD7E187D5E930045BD2D /* Products */,
			);
			sourceTree = "<group>";
		};
		0E75FD7E187D5E930045BD2D /* Products */ = {
			isa = PBXGroup;
			children = (
				0E75FD7D187D5E930045BD2D /* ToDoList.app */,
				0E75FD98187D5E930045BD2D /* ToDoListTests.xctest */,
			);
			name = Products;
			sourceTree = "<group>";
		};
		0E75FD7F187D5E930045BD2D /* Frameworks */ = {
			isa = PBXGroup;
			children = (
				0E75FD80187D5E930045BD2D /* Foundation.framework */,
				0E75FD82187D5E930045BD2D /* CoreGraphics.framework */,
				0E75FD84187D5E930045BD2D /* UIKit.framework */,
				0E75FD99187D5E930045BD2D /* XCTest.framework */,
			);
			name = Frameworks;
			sourceTree = "<group>";
		};
		0E75FD86187D5E930045BD2D /* ToDoList */ = {
			isa = PBXGroup;
			children = (
				0EAAC280187E4A2F009437E9 /* Model */,
				0EC682A3187E280C006C7898 /* Controllers */,
				0E75FDB1187D5F8A0045BD2D /* Main.storyboard */,
				0E75FD92187D5E930045BD2D /* Images.xcassets */,
				0E75FD87187D5E930045BD2D /* Supporting Files */,
			);
			path = ToDoList;
			sourceTree = "<group>";
		};
		0E75FD87187D5E930045BD2D /* Supporting Files */ = {
			isa = PBXGroup;
			children = (
				0E75FD8F187D5E930045BD2D /* SENAppDelegate.h */,
				0E75FD90187D5E930045BD2D /* SENAppDelegate.m */,
				0E75FD88187D5E930045BD2D /* ToDoList-Info.plist */,
				0E75FD89187D5E930045BD2D /* InfoPlist.strings */,
				0E75FD8C187D5E930045BD2D /* main.m */,
				0E75FD8E187D5E930045BD2D /* ToDoList-Prefix.pch */,
			);
			name = "Supporting Files";
			sourceTree = "<group>";
		};
		0E75FD9F187D5E930045BD2D /* ToDoListTests */ = {
			isa = PBXGroup;
			children = (
				0E75FDA5187D5E930045BD2D /* ToDoListTests.m */,
				0E75FDA0187D5E930045BD2D /* Supporting Files */,
			);
			path = ToDoListTests;
			sourceTree = "<group>";
		};
		0E75FDA0187D5E930045BD2D /* Supporting Files */ = {
			isa = PBXGroup;
			children = (
				0E75FDA1187D5E930045BD2D /* ToDoListTests-Info.plist */,
				0E75FDA2187D5E930045BD2D /* InfoPlist.strings */,
			);
			name = "Supporting Files";
			sourceTree = "<group>";
		};
		0EAAC280187E4A2F009437E9 /* Model */ = {
			isa = PBXGroup;
			children = (
				0EAAC27D187E4A2A009437E9 /* SENToDoItem.h */,
				0EAAC27E187E4A2A009437E9 /* SENToDoItem.m */,
			);
			name = Model;
			sourceTree = "<group>";
		};
		0EC682A3187E280C006C7898 /* Controllers */ = {
			isa = PBXGroup;
			children = (
				0EDECED0187E2A5C0032EC3F /* SENTodoListViewController.h */,
				0EDECED1187E2A5C0032EC3F /* SENTodoListViewController.m */,
				0E75FDB6187D6FDD0045BD2D /* SENAddToDoItemViewController.h */,
				0E75FDB7187D6FDD0045BD2D /* SENAddToDoItemViewController.m */,
			);
			name = Controllers;
			sourceTree = "<group>";
		};
/* End PBXGroup section */

/* Begin PBXNativeTarget section */
		0E75FD7C187D5E930045BD2D /* ToDoList */ = {
			isa = PBXNativeTarget;
			buildConfigurationList = 0E75FDA9187D5E930045BD2D /* Build configuration list for PBXNativeTarget "ToDoList" */;
			buildPhases = (
				0E75FD79187D5E930045BD2D /* Sources */,
				0E75FD7A187D5E930045BD2D /* Frameworks */,
				0E75FD7B187D5E930045BD2D /* Resources */,
			);
			buildRules = (
			);
			dependencies = (
			);
			name = ToDoList;
			productName = ToDoList;
			productReference = 0E75FD7D187D5E930045BD2D /* ToDoList.app */;
			productType = "com.apple.product-type.application";
		};
		0E75FD97187D5E930045BD2D /* ToDoListTests */ = {
			isa = PBXNativeTarget;
			buildConfigurationList = 0E75FDAC187D5E930045BD2D /* Build configuration list for PBXNativeTarget "ToDoListTests" */;
			buildPhases = (
				0E75FD94187D5E930045BD2D /* Sources */,
				0E75FD95187D5E930045BD2D /* Frameworks */,
				0E75FD96187D5E930045BD2D /* Resources */,
			);
			buildRules = (
			);
			dependencies = (
				0E75FD9E187D5E930045BD2D /* PBXTargetDependency */,
			);
			name = ToDoListTests;
			productName = ToDoListTests;
			productReference = 0E75FD98187D5E930045BD2D /* ToDoListTests.xctest */;
			productType = "com.apple.product-type.bundle.unit-test";
		};
/* End PBXNativeTarget section */

/* Begin PBXProject section */
		0E75FD75187D5E930045BD2D /* Project object */ = {
			isa = PBXProject;
			attributes = {
				CLASSPREFIX = SEN;
				LastUpgradeCheck = 0500;
				ORGANIZATIONNAME = "Sensorium Health";
				TargetAttributes = {
					0E75FD97187D5E930045BD2D = {
						TestTargetID = 0E75FD7C187D5E930045BD2D;
					};
				};
			};
			buildConfigurationList = 0E75FD78187D5E930045BD2D /* Build configuration list for PBXProject "ToDoList" */;
			compatibilityVersion = "Xcode 3.2";
			developmentRegion = English;
			hasScannedForEncodings = 0;
			knownRegions = (
				en,
			);
			mainGroup = 0E75FD74187D5E930045BD2D;
			productRefGroup = 0E75FD7E187D5E930045BD2D /* Products */;
			projectDirPath = "";
			projectRoot = "";
			targets = (
				0E75FD7C187D5E930045BD2D /* ToDoList */,
				0E75FD97187D5E930045BD2D /* ToDoListTests */,
			);
		};
/* End PBXProject section */

/* Begin PBXResourcesBuildPhase section */
		0E75FD7B187D5E930045BD2D /* Resources */ = {
			isa = PBXResourcesBuildPhase;
			buildActionMask = 2147483647;
			files = (
				0E75FDB2187D5F8A0045BD2D /* Main.storyboard in Resources */,
				0E75FD8B187D5E930045BD2D /* InfoPlist.strings in Resources */,
				0E75FD93187D5E930045BD2D /* Images.xcassets in Resources */,
			);
			runOnlyForDeploymentPostprocessing = 0;
		};
		0E75FD96187D5E930045BD2D /* Resources */ = {
			isa = PBXResourcesBuildPhase;
			buildActionMask = 2147483647;
			files = (
				0E75FDA4187D5E930045BD2D /* InfoPlist.strings in Resources */,
			);
			runOnlyForDeploymentPostprocessing = 0;
		};
/* End PBXResourcesBuildPhase section */

/* Begin PBXSourcesBuildPhase section */
		0E75FD79187D5E930045BD2D /* Sources */ = {
			isa = PBXSourcesBuildPhase;
			buildActionMask = 2147483647;
			files = (
				0EAAC27F187E4A2A009437E9 /* SENToDoItem.m in Sources */,
				0E75FD8D187D5E930045BD2D /* main.m in Sources */,
				0EDECED2187E2A5C0032EC3F /* SENTodoListViewController.m in Sources */,
				0E75FDB8187D6FDD0045BD2D /* SENAddToDoItemViewController.m in Sources */,
				0E75FD91187D5E930045BD2D /* SENAppDelegate.m in Sources */,
			);
			runOnlyForDeploymentPostprocessing = 0;
		};
		0E75FD94187D5E930045BD2D /* Sources */ = {
			isa = PBXSourcesBuildPhase;
			buildActionMask = 2147483647;
			files = (
				0E75FDA6187D5E930045BD2D /* ToDoListTests.m in Sources */,
			);
			runOnlyForDeploymentPostprocessing = 0;
		};
/* End PBXSourcesBuildPhase section */

/* Begin PBXTargetDependency section */
		0E75FD9E187D5E930045BD2D /* PBXTargetDependency */ = {
			isa = PBXTargetDependency;
			target = 0E75FD7C187D5E930045BD2D /* ToDoList */;
			targetProxy = 0E75FD9D187D5E930045BD2D /* PBXContainerItemProxy */;
		};
/* End PBXTargetDependency section */

/* Begin PBXVariantGroup section */
		0E75FD89187D5E930045BD2D /* InfoPlist.strings */ = {
			isa = PBXVariantGroup;
			children = (
				0E75FD8A187D5E930045BD2D /* en */,
			);
			name = InfoPlist.strings;
			sourceTree = "<group>";
		};
		0E75FDA2187D5E930045BD2D /* InfoPlist.strings */ = {
			isa = PBXVariantGroup;
			children = (
				0E75FDA3187D5E930045BD2D /* en */,
			);
			name = InfoPlist.strings;
			sourceTree = "<group>";
		};
/* End PBXVariantGroup section */

/* Begin XCBuildConfiguration section */
		0E75FDA7187D5E930045BD2D /* Debug */ = {
			isa = XCBuildConfiguration;
			buildSettings = {
				ALWAYS_SEARCH_USER_PATHS = NO;
				ARCHS = "$(ARCHS_STANDARD_INCLUDING_64_BIT)";
				CLANG_CXX_LANGUAGE_STANDARD = "gnu++0x";
				CLANG_CXX_LIBRARY = "libc++";
				CLANG_ENABLE_MODULES = YES;
				CLANG_ENABLE_OBJC_ARC = YES;
				CLANG_WARN_BOOL_CONVERSION = YES;
				CLANG_WARN_CONSTANT_CONVERSION = YES;
				CLANG_WARN_DIRECT_OBJC_ISA_USAGE = YES_ERROR;
				CLANG_WARN_EMPTY_BODY = YES;
				CLANG_WARN_ENUM_CONVERSION = YES;
				CLANG_WARN_INT_CONVERSION = YES;
				CLANG_WARN_OBJC_ROOT_CLASS = YES_ERROR;
				CLANG_WARN__DUPLICATE_METHOD_MATCH = YES;
				"CODE_SIGN_IDENTITY[sdk=iphoneos*]" = "iPhone Developer";
				COPY_PHASE_STRIP = NO;
				GCC_C_LANGUAGE_STANDARD = gnu99;
				GCC_DYNAMIC_NO_PIC = NO;
				GCC_OPTIMIZATION_LEVEL = 0;
				GCC_PREPROCESSOR_DEFINITIONS = (
					"DEBUG=1",
					"$(inherited)",
				);
				GCC_SYMBOLS_PRIVATE_EXTERN = NO;
				GCC_WARN_64_TO_32_BIT_CONVERSION = YES;
				GCC_WARN_ABOUT_RETURN_TYPE = YES_ERROR;
				GCC_WARN_UNDECLARED_SELECTOR = YES;
				GCC_WARN_UNINITIALIZED_AUTOS = YES;
				GCC_WARN_UNUSED_FUNCTION = YES;
				GCC_WARN_UNUSED_VARIABLE = YES;
				IPHONEOS_DEPLOYMENT_TARGET = 7.0;
				ONLY_ACTIVE_ARCH = YES;
				SDKROOT = iphoneos;
			};
			name = Debug;
		};
		0E75FDA8187D5E930045BD2D /* Release */ = {
			isa = XCBuildConfiguration;
			buildSettings = {
				ALWAYS_SEARCH_USER_PATHS = NO;
				ARCHS = "$(ARCHS_STANDARD_INCLUDING_64_BIT)";
				CLANG_CXX_LANGUAGE_STANDARD = "gnu++0x";
				CLANG_CXX_LIBRARY = "libc++";
				CLANG_ENABLE_MODULES = YES;
				CLANG_ENABLE_OBJC_ARC = YES;
				CLANG_WARN_BOOL_CONVERSION = YES;
				CLANG_WARN_CONSTANT_CONVERSION = YES;
				CLANG_WARN_DIRECT_OBJC_ISA_USAGE = YES_ERROR;
				CLANG_WARN_EMPTY_BODY = YES;
				CLANG_WARN_ENUM_CONVERSION = YES;
				CLANG_WARN_INT_CONVERSION = YES;
				CLANG_WARN_OBJC_ROOT_CLASS = YES_ERROR;
				CLANG_WARN__DUPLICATE_METHOD_MATCH = YES;
				"CODE_SIGN_IDENTITY[sdk=iphoneos*]" = "iPhone Developer";
				COPY_PHASE_STRIP = YES;
				ENABLE_NS_ASSERTIONS = NO;
				GCC_C_LANGUAGE_STANDARD = gnu99;
				GCC_WARN_64_TO_32_BIT_CONVERSION = YES;
				GCC_WARN_ABOUT_RETURN_TYPE = YES_ERROR;
				GCC_WARN_UNDECLARED_SELECTOR = YES;
				GCC_WARN_UNINITIALIZED_AUTOS = YES;
				GCC_WARN_UNUSED_FUNCTION = YES;
				GCC_WARN_UNUSED_VARIABLE = YES;
				IPHONEOS_DEPLOYMENT_TARGET = 7.0;
				SDKROOT = iphoneos;
				VALIDATE_PRODUCT = YES;
			};
			name = Release;
		};
		0E75FDAA187D5E930045BD2D /* Debug */ = {
			isa = XCBuildConfiguration;
			buildSettings = {
				ASSETCATALOG_COMPILER_APPICON_NAME = AppIcon;
				ASSETCATALOG_COMPILER_LAUNCHIMAGE_NAME = LaunchImage;
				GCC_PRECOMPILE_PREFIX_HEADER = YES;
				GCC_PREFIX_HEADER = "ToDoList/ToDoList-Prefix.pch";
				INFOPLIST_FILE = "ToDoList/ToDoList-Info.plist";
				PRODUCT_NAME = "$(TARGET_NAME)";
				WRAPPER_EXTENSION = app;
			};
			name = Debug;
		};
		0E75FDAB187D5E930045BD2D /* Release */ = {
			isa = XCBuildConfiguration;
			buildSettings = {
				ASSETCATALOG_COMPILER_APPICON_NAME = AppIcon;
				ASSETCATALOG_COMPILER_LAUNCHIMAGE_NAME = LaunchImage;
				GCC_PRECOMPILE_PREFIX_HEADER = YES;
				GCC_PREFIX_HEADER = "ToDoList/ToDoList-Prefix.pch";
				INFOPLIST_FILE = "ToDoList/ToDoList-Info.plist";
				PRODUCT_NAME = "$(TARGET_NAME)";
				WRAPPER_EXTENSION = app;
			};
			name = Release;
		};
		0E75FDAD187D5E930045BD2D /* Debug */ = {
			isa = XCBuildConfiguration;
			buildSettings = {
				ARCHS = "$(ARCHS_STANDARD_INCLUDING_64_BIT)";
				BUNDLE_LOADER = "$(BUILT_PRODUCTS_DIR)/ToDoList.app/ToDoList";
				FRAMEWORK_SEARCH_PATHS = (
					"$(SDKROOT)/Developer/Library/Frameworks",
					"$(inherited)",
					"$(DEVELOPER_FRAMEWORKS_DIR)",
				);
				GCC_PRECOMPILE_PREFIX_HEADER = YES;
				GCC_PREFIX_HEADER = "ToDoList/ToDoList-Prefix.pch";
				GCC_PREPROCESSOR_DEFINITIONS = (
					"DEBUG=1",
					"$(inherited)",
				);
				INFOPLIST_FILE = "ToDoListTests/ToDoListTests-Info.plist";
				PRODUCT_NAME = "$(TARGET_NAME)";
				TEST_HOST = "$(BUNDLE_LOADER)";
				WRAPPER_EXTENSION = xctest;
			};
			name = Debug;
		};
		0E75FDAE187D5E930045BD2D /* Release */ = {
			isa = XCBuildConfiguration;
			buildSettings = {
				ARCHS = "$(ARCHS_STANDARD_INCLUDING_64_BIT)";
				BUNDLE_LOADER = "$(BUILT_PRODUCTS_DIR)/ToDoList.app/ToDoList";
				FRAMEWORK_SEARCH_PATHS = (
					"$(SDKROOT)/Developer/Library/Frameworks",
					"$(inherited)",
					"$(DEVELOPER_FRAMEWORKS_DIR)",
				);
				GCC_PRECOMPILE_PREFIX_HEADER = YES;
				GCC_PREFIX_HEADER = "ToDoList/ToDoList-Prefix.pch";
				INFOPLIST_FILE = "ToDoListTests/ToDoListTests-Info.plist";
				PRODUCT_NAME = "$(TARGET_NAME)";
				TEST_HOST = "$(BUNDLE_LOADER)";
				WRAPPER_EXTENSION = xctest;
			};
			name = Release;
		};
/* End XCBuildConfiguration section */

/* Begin XCConfigurationList section */
		0E75FD78187D5E930045BD2D /* Build configuration list for PBXProject "ToDoList" */ = {
			isa = XCConfigurationList;
			buildConfigurations = (
				0E75FDA7187D5E930045BD2D /* Debug */,
				0E75FDA8187D5E930045BD2D /* Release */,
			);
			defaultConfigurationIsVisible = 0;
			defaultConfigurationName = Release;
		};
		0E75FDA9187D5E930045BD2D /* Build configuration list for PBXNativeTarget "ToDoList" */ = {
			isa = XCConfigurationList;
			buildConfigurations = (
				0E75FDAA187D5E930045BD2D /* Debug */,
				0E75FDAB187D5E930045BD2D /* Release */,
			);
			defaultConfigurationIsVisible = 0;
			defaultConfigurationName = Release;
		};
		0E75FDAC187D5E930045BD2D /* Build configuration list for PBXNativeTarget "ToDoListTests" */ = {
			isa = XCConfigurationList;
			buildConfigurations = (
				0E75FDAD187D5E930045BD2D /* Debug */,
				0E75FDAE187D5E930045BD2D /* Release */,
			);
			defaultConfigurationIsVisible = 0;
			defaultConfigurationName = Release;
		};
/* End XCConfigurationList section */
	};
	rootObject = 0E75FD75187D5E930045BD2D /* Project object */;
}
