// !$*UTF8*$!
{
	archiveVersion = 1;
	classes = {
	};
	objectVersion = 46;
	objects = {

/* Begin PBXBuildFile section */
		0E84CC401896164C00B00352 /* Foundation.framework in Frameworks */ = {isa = PBXBuildFile; fileRef = 0E84CC3F1896164C00B00352 /* Foundation.framework */; };
		0E84CC421896164C00B00352 /* CoreGraphics.framework in Frameworks */ = {isa = PBXBuildFile; fileRef = 0E84CC411896164C00B00352 /* CoreGraphics.framework */; };
		0E84CC441896164C00B00352 /* UIKit.framework in Frameworks */ = {isa = PBXBuildFile; fileRef = 0E84CC431896164C00B00352 /* UIKit.framework */; };
		0E84CC461896164C00B00352 /* GLKit.framework in Frameworks */ = {isa = PBXBuildFile; fileRef = 0E84CC451896164C00B00352 /* GLKit.framework */; };
		0E84CC481896164C00B00352 /* OpenGLES.framework in Frameworks */ = {isa = PBXBuildFile; fileRef = 0E84CC471896164C00B00352 /* OpenGLES.framework */; };
		0E84CC4E1896164C00B00352 /* InfoPlist.strings in Resources */ = {isa = PBXBuildFile; fileRef = 0E84CC4C1896164C00B00352 /* InfoPlist.strings */; };
		0E84CC501896164C00B00352 /* main.m in Sources */ = {isa = PBXBuildFile; fileRef = 0E84CC4F1896164C00B00352 /* main.m */; };
		0E84CC541896164C00B00352 /* SENAppDelegate.m in Sources */ = {isa = PBXBuildFile; fileRef = 0E84CC531896164C00B00352 /* SENAppDelegate.m */; };
		0E84CC571896164C00B00352 /* Main.storyboard in Resources */ = {isa = PBXBuildFile; fileRef = 0E84CC551896164C00B00352 /* Main.storyboard */; };
		0E84CC591896164C00B00352 /* Shader.fsh in Resources */ = {isa = PBXBuildFile; fileRef = 0E84CC581896164C00B00352 /* Shader.fsh */; };
		0E84CC5B1896164C00B00352 /* Shader.vsh in Resources */ = {isa = PBXBuildFile; fileRef = 0E84CC5A1896164C00B00352 /* Shader.vsh */; };
		0E84CC5E1896164C00B00352 /* SENViewController.m in Sources */ = {isa = PBXBuildFile; fileRef = 0E84CC5D1896164C00B00352 /* SENViewController.m */; };
		0E84CC601896164C00B00352 /* Images.xcassets in Resources */ = {isa = PBXBuildFile; fileRef = 0E84CC5F1896164C00B00352 /* Images.xcassets */; };
		0E84CC671896164C00B00352 /* XCTest.framework in Frameworks */ = {isa = PBXBuildFile; fileRef = 0E84CC661896164C00B00352 /* XCTest.framework */; };
		0E84CC681896164C00B00352 /* Foundation.framework in Frameworks */ = {isa = PBXBuildFile; fileRef = 0E84CC3F1896164C00B00352 /* Foundation.framework */; };
		0E84CC691896164C00B00352 /* UIKit.framework in Frameworks */ = {isa = PBXBuildFile; fileRef = 0E84CC431896164C00B00352 /* UIKit.framework */; };
		0E84CC711896164C00B00352 /* InfoPlist.strings in Resources */ = {isa = PBXBuildFile; fileRef = 0E84CC6F1896164C00B00352 /* InfoPlist.strings */; };
		0E84CC731896164C00B00352 /* LearningOpenGLTests.m in Sources */ = {isa = PBXBuildFile; fileRef = 0E84CC721896164C00B00352 /* LearningOpenGLTests.m */; };
/* End PBXBuildFile section */

/* Begin PBXContainerItemProxy section */
		0E84CC6A1896164C00B00352 /* PBXContainerItemProxy */ = {
			isa = PBXContainerItemProxy;
			containerPortal = 0E84CC341896164C00B00352 /* Project object */;
			proxyType = 1;
			remoteGlobalIDString = 0E84CC3B1896164C00B00352;
			remoteInfo = LearningOpenGL;
		};
/* End PBXContainerItemProxy section */

/* Begin PBXFileReference section */
		0E84CC3C1896164C00B00352 /* LearningOpenGL.app */ = {isa = PBXFileReference; explicitFileType = wrapper.application; includeInIndex = 0; path = LearningOpenGL.app; sourceTree = BUILT_PRODUCTS_DIR; };
		0E84CC3F1896164C00B00352 /* Foundation.framework */ = {isa = PBXFileReference; lastKnownFileType = wrapper.framework; name = Foundation.framework; path = System/Library/Frameworks/Foundation.framework; sourceTree = SDKROOT; };
		0E84CC411896164C00B00352 /* CoreGraphics.framework */ = {isa = PBXFileReference; lastKnownFileType = wrapper.framework; name = CoreGraphics.framework; path = System/Library/Frameworks/CoreGraphics.framework; sourceTree = SDKROOT; };
		0E84CC431896164C00B00352 /* UIKit.framework */ = {isa = PBXFileReference; lastKnownFileType = wrapper.framework; name = UIKit.framework; path = System/Library/Frameworks/UIKit.framework; sourceTree = SDKROOT; };
		0E84CC451896164C00B00352 /* GLKit.framework */ = {isa = PBXFileReference; lastKnownFileType = wrapper.framework; name = GLKit.framework; path = System/Library/Frameworks/GLKit.framework; sourceTree = SDKROOT; };
		0E84CC471896164C00B00352 /* OpenGLES.framework */ = {isa = PBXFileReference; lastKnownFileType = wrapper.framework; name = OpenGLES.framework; path = System/Library/Frameworks/OpenGLES.framework; sourceTree = SDKROOT; };
		0E84CC4B1896164C00B00352 /* LearningOpenGL-Info.plist */ = {isa = PBXFileReference; lastKnownFileType = text.plist.xml; path = "LearningOpenGL-Info.plist"; sourceTree = "<group>"; };
		0E84CC4D1896164C00B00352 /* en */ = {isa = PBXFileReference; lastKnownFileType = text.plist.strings; name = en; path = en.lproj/InfoPlist.strings; sourceTree = "<group>"; };
		0E84CC4F1896164C00B00352 /* main.m */ = {isa = PBXFileReference; lastKnownFileType = sourcecode.c.objc; path = main.m; sourceTree = "<group>"; };
		0E84CC511896164C00B00352 /* LearningOpenGL-Prefix.pch */ = {isa = PBXFileReference; lastKnownFileType = sourcecode.c.h; path = "LearningOpenGL-Prefix.pch"; sourceTree = "<group>"; };
		0E84CC521896164C00B00352 /* SENAppDelegate.h */ = {isa = PBXFileReference; lastKnownFileType = sourcecode.c.h; path = SENAppDelegate.h; sourceTree = "<group>"; };
		0E84CC531896164C00B00352 /* SENAppDelegate.m */ = {isa = PBXFileReference; lastKnownFileType = sourcecode.c.objc; path = SENAppDelegate.m; sourceTree = "<group>"; };
		0E84CC561896164C00B00352 /* Base */ = {isa = PBXFileReference; lastKnownFileType = file.storyboard; name = Base; path = Base.lproj/Main.storyboard; sourceTree = "<group>"; };
		0E84CC581896164C00B00352 /* Shader.fsh */ = {isa = PBXFileReference; lastKnownFileType = sourcecode.glsl; name = Shader.fsh; path = Shaders/Shader.fsh; sourceTree = "<group>"; };
		0E84CC5A1896164C00B00352 /* Shader.vsh */ = {isa = PBXFileReference; lastKnownFileType = sourcecode.glsl; name = Shader.vsh; path = Shaders/Shader.vsh; sourceTree = "<group>"; };
		0E84CC5C1896164C00B00352 /* SENViewController.h */ = {isa = PBXFileReference; lastKnownFileType = sourcecode.c.h; path = SENViewController.h; sourceTree = "<group>"; };
		0E84CC5D1896164C00B00352 /* SENViewController.m */ = {isa = PBXFileReference; lastKnownFileType = sourcecode.c.objc; path = SENViewController.m; sourceTree = "<group>"; };
		0E84CC5F1896164C00B00352 /* Images.xcassets */ = {isa = PBXFileReference; lastKnownFileType = folder.assetcatalog; path = Images.xcassets; sourceTree = "<group>"; };
		0E84CC651896164C00B00352 /* LearningOpenGLTests.xctest */ = {isa = PBXFileReference; explicitFileType = wrapper.cfbundle; includeInIndex = 0; path = LearningOpenGLTests.xctest; sourceTree = BUILT_PRODUCTS_DIR; };
		0E84CC661896164C00B00352 /* XCTest.framework */ = {isa = PBXFileReference; lastKnownFileType = wrapper.framework; name = XCTest.framework; path = Library/Frameworks/XCTest.framework; sourceTree = DEVELOPER_DIR; };
		0E84CC6E1896164C00B00352 /* LearningOpenGLTests-Info.plist */ = {isa = PBXFileReference; lastKnownFileType = text.plist.xml; path = "LearningOpenGLTests-Info.plist"; sourceTree = "<group>"; };
		0E84CC701896164C00B00352 /* en */ = {isa = PBXFileReference; lastKnownFileType = text.plist.strings; name = en; path = en.lproj/InfoPlist.strings; sourceTree = "<group>"; };
		0E84CC721896164C00B00352 /* LearningOpenGLTests.m */ = {isa = PBXFileReference; lastKnownFileType = sourcecode.c.objc; path = LearningOpenGLTests.m; sourceTree = "<group>"; };
/* End PBXFileReference section */

/* Begin PBXFrameworksBuildPhase section */
		0E84CC391896164C00B00352 /* Frameworks */ = {
			isa = PBXFrameworksBuildPhase;
			buildActionMask = 2147483647;
			files = (
				0E84CC481896164C00B00352 /* OpenGLES.framework in Frameworks */,
				0E84CC421896164C00B00352 /* CoreGraphics.framework in Frameworks */,
				0E84CC441896164C00B00352 /* UIKit.framework in Frameworks */,
				0E84CC461896164C00B00352 /* GLKit.framework in Frameworks */,
				0E84CC401896164C00B00352 /* Foundation.framework in Frameworks */,
			);
			runOnlyForDeploymentPostprocessing = 0;
		};
		0E84CC621896164C00B00352 /* Frameworks */ = {
			isa = PBXFrameworksBuildPhase;
			buildActionMask = 2147483647;
			files = (
				0E84CC671896164C00B00352 /* XCTest.framework in Frameworks */,
				0E84CC691896164C00B00352 /* UIKit.framework in Frameworks */,
				0E84CC681896164C00B00352 /* Foundation.framework in Frameworks */,
			);
			runOnlyForDeploymentPostprocessing = 0;
		};
/* End PBXFrameworksBuildPhase section */

/* Begin PBXGroup section */
		0E84CC331896164C00B00352 = {
			isa = PBXGroup;
			children = (
				0E84CC491896164C00B00352 /* LearningOpenGL */,
				0E84CC6C1896164C00B00352 /* LearningOpenGLTests */,
				0E84CC3E1896164C00B00352 /* Frameworks */,
				0E84CC3D1896164C00B00352 /* Products */,
			);
			sourceTree = "<group>";
		};
		0E84CC3D1896164C00B00352 /* Products */ = {
			isa = PBXGroup;
			children = (
				0E84CC3C1896164C00B00352 /* LearningOpenGL.app */,
				0E84CC651896164C00B00352 /* LearningOpenGLTests.xctest */,
			);
			name = Products;
			sourceTree = "<group>";
		};
		0E84CC3E1896164C00B00352 /* Frameworks */ = {
			isa = PBXGroup;
			children = (
				0E84CC3F1896164C00B00352 /* Foundation.framework */,
				0E84CC411896164C00B00352 /* CoreGraphics.framework */,
				0E84CC431896164C00B00352 /* UIKit.framework */,
				0E84CC451896164C00B00352 /* GLKit.framework */,
				0E84CC471896164C00B00352 /* OpenGLES.framework */,
				0E84CC661896164C00B00352 /* XCTest.framework */,
			);
			name = Frameworks;
			sourceTree = "<group>";
		};
		0E84CC491896164C00B00352 /* LearningOpenGL */ = {
			isa = PBXGroup;
			children = (
				0E84CC521896164C00B00352 /* SENAppDelegate.h */,
				0E84CC531896164C00B00352 /* SENAppDelegate.m */,
				0E84CC551896164C00B00352 /* Main.storyboard */,
				0E84CC581896164C00B00352 /* Shader.fsh */,
				0E84CC5A1896164C00B00352 /* Shader.vsh */,
				0E84CC5C1896164C00B00352 /* SENViewController.h */,
				0E84CC5D1896164C00B00352 /* SENViewController.m */,
				0E84CC5F1896164C00B00352 /* Images.xcassets */,
				0E84CC4A1896164C00B00352 /* Supporting Files */,
			);
			path = LearningOpenGL;
			sourceTree = "<group>";
		};
		0E84CC4A1896164C00B00352 /* Supporting Files */ = {
			isa = PBXGroup;
			children = (
				0E84CC4B1896164C00B00352 /* LearningOpenGL-Info.plist */,
				0E84CC4C1896164C00B00352 /* InfoPlist.strings */,
				0E84CC4F1896164C00B00352 /* main.m */,
				0E84CC511896164C00B00352 /* LearningOpenGL-Prefix.pch */,
			);
			name = "Supporting Files";
			sourceTree = "<group>";
		};
		0E84CC6C1896164C00B00352 /* LearningOpenGLTests */ = {
			isa = PBXGroup;
			children = (
				0E84CC721896164C00B00352 /* LearningOpenGLTests.m */,
				0E84CC6D1896164C00B00352 /* Supporting Files */,
			);
			path = LearningOpenGLTests;
			sourceTree = "<group>";
		};
		0E84CC6D1896164C00B00352 /* Supporting Files */ = {
			isa = PBXGroup;
			children = (
				0E84CC6E1896164C00B00352 /* LearningOpenGLTests-Info.plist */,
				0E84CC6F1896164C00B00352 /* InfoPlist.strings */,
			);
			name = "Supporting Files";
			sourceTree = "<group>";
		};
/* End PBXGroup section */

/* Begin PBXNativeTarget section */
		0E84CC3B1896164C00B00352 /* LearningOpenGL */ = {
			isa = PBXNativeTarget;
			buildConfigurationList = 0E84CC761896164C00B00352 /* Build configuration list for PBXNativeTarget "LearningOpenGL" */;
			buildPhases = (
				0E84CC381896164C00B00352 /* Sources */,
				0E84CC391896164C00B00352 /* Frameworks */,
				0E84CC3A1896164C00B00352 /* Resources */,
			);
			buildRules = (
			);
			dependencies = (
			);
			name = LearningOpenGL;
			productName = LearningOpenGL;
			productReference = 0E84CC3C1896164C00B00352 /* LearningOpenGL.app */;
			productType = "com.apple.product-type.application";
		};
		0E84CC641896164C00B00352 /* LearningOpenGLTests */ = {
			isa = PBXNativeTarget;
			buildConfigurationList = 0E84CC791896164C00B00352 /* Build configuration list for PBXNativeTarget "LearningOpenGLTests" */;
			buildPhases = (
				0E84CC611896164C00B00352 /* Sources */,
				0E84CC621896164C00B00352 /* Frameworks */,
				0E84CC631896164C00B00352 /* Resources */,
			);
			buildRules = (
			);
			dependencies = (
				0E84CC6B1896164C00B00352 /* PBXTargetDependency */,
			);
			name = LearningOpenGLTests;
			productName = LearningOpenGLTests;
			productReference = 0E84CC651896164C00B00352 /* LearningOpenGLTests.xctest */;
			productType = "com.apple.product-type.bundle.unit-test";
		};
/* End PBXNativeTarget section */

/* Begin PBXProject section */
		0E84CC341896164C00B00352 /* Project object */ = {
			isa = PBXProject;
			attributes = {
				CLASSPREFIX = SEN;
				LastUpgradeCheck = 0500;
				ORGANIZATIONNAME = "Sensorium Health";
				TargetAttributes = {
					0E84CC641896164C00B00352 = {
						TestTargetID = 0E84CC3B1896164C00B00352;
					};
				};
			};
			buildConfigurationList = 0E84CC371896164C00B00352 /* Build configuration list for PBXProject "LearningOpenGL" */;
			compatibilityVersion = "Xcode 3.2";
			developmentRegion = English;
			hasScannedForEncodings = 0;
			knownRegions = (
				en,
				Base,
			);
			mainGroup = 0E84CC331896164C00B00352;
			productRefGroup = 0E84CC3D1896164C00B00352 /* Products */;
			projectDirPath = "";
			projectRoot = "";
			targets = (
				0E84CC3B1896164C00B00352 /* LearningOpenGL */,
				0E84CC641896164C00B00352 /* LearningOpenGLTests */,
			);
		};
/* End PBXProject section */

/* Begin PBXResourcesBuildPhase section */
		0E84CC3A1896164C00B00352 /* Resources */ = {
			isa = PBXResourcesBuildPhase;
			buildActionMask = 2147483647;
			files = (
				0E84CC5B1896164C00B00352 /* Shader.vsh in Resources */,
				0E84CC601896164C00B00352 /* Images.xcassets in Resources */,
				0E84CC591896164C00B00352 /* Shader.fsh in Resources */,
				0E84CC4E1896164C00B00352 /* InfoPlist.strings in Resources */,
				0E84CC571896164C00B00352 /* Main.storyboard in Resources */,
			);
			runOnlyForDeploymentPostprocessing = 0;
		};
		0E84CC631896164C00B00352 /* Resources */ = {
			isa = PBXResourcesBuildPhase;
			buildActionMask = 2147483647;
			files = (
				0E84CC711896164C00B00352 /* InfoPlist.strings in Resources */,
			);
			runOnlyForDeploymentPostprocessing = 0;
		};
/* End PBXResourcesBuildPhase section */

/* Begin PBXSourcesBuildPhase section */
		0E84CC381896164C00B00352 /* Sources */ = {
			isa = PBXSourcesBuildPhase;
			buildActionMask = 2147483647;
			files = (
				0E84CC5E1896164C00B00352 /* SENViewController.m in Sources */,
				0E84CC501896164C00B00352 /* main.m in Sources */,
				0E84CC541896164C00B00352 /* SENAppDelegate.m in Sources */,
			);
			runOnlyForDeploymentPostprocessing = 0;
		};
		0E84CC611896164C00B00352 /* Sources */ = {
			isa = PBXSourcesBuildPhase;
			buildActionMask = 2147483647;
			files = (
				0E84CC731896164C00B00352 /* LearningOpenGLTests.m in Sources */,
			);
			runOnlyForDeploymentPostprocessing = 0;
		};
/* End PBXSourcesBuildPhase section */

/* Begin PBXTargetDependency section */
		0E84CC6B1896164C00B00352 /* PBXTargetDependency */ = {
			isa = PBXTargetDependency;
			target = 0E84CC3B1896164C00B00352 /* LearningOpenGL */;
			targetProxy = 0E84CC6A1896164C00B00352 /* PBXContainerItemProxy */;
		};
/* End PBXTargetDependency section */

/* Begin PBXVariantGroup section */
		0E84CC4C1896164C00B00352 /* InfoPlist.strings */ = {
			isa = PBXVariantGroup;
			children = (
				0E84CC4D1896164C00B00352 /* en */,
			);
			name = InfoPlist.strings;
			sourceTree = "<group>";
		};
		0E84CC551896164C00B00352 /* Main.storyboard */ = {
			isa = PBXVariantGroup;
			children = (
				0E84CC561896164C00B00352 /* Base */,
			);
			name = Main.storyboard;
			sourceTree = "<group>";
		};
		0E84CC6F1896164C00B00352 /* InfoPlist.strings */ = {
			isa = PBXVariantGroup;
			children = (
				0E84CC701896164C00B00352 /* en */,
			);
			name = InfoPlist.strings;
			sourceTree = "<group>";
		};
/* End PBXVariantGroup section */

/* Begin XCBuildConfiguration section */
		0E84CC741896164C00B00352 /* Debug */ = {
			isa = XCBuildConfiguration;
			buildSettings = {
				ALWAYS_SEARCH_USER_PATHS = NO;
				ARCHS = "$(ARCHS_STANDARD_INCLUDING_64_BIT)";
				CLANG_CXX_LANGUAGE_STANDARD = "gnu++0x";
				CLANG_CXX_LIBRARY = "libc++";
				CLANG_ENABLE_MODULES = YES;
				CLANG_ENABLE_OBJC_ARC = YES;
				CLANG_WARN_BOOL_CONVERSION = YES;
				CLANG_WARN_CONSTANT_CONVERSION = YES;
				CLANG_WARN_DIRECT_OBJC_ISA_USAGE = YES_ERROR;
				CLANG_WARN_EMPTY_BODY = YES;
				CLANG_WARN_ENUM_CONVERSION = YES;
				CLANG_WARN_INT_CONVERSION = YES;
				CLANG_WARN_OBJC_ROOT_CLASS = YES_ERROR;
				CLANG_WARN__DUPLICATE_METHOD_MATCH = YES;
				"CODE_SIGN_IDENTITY[sdk=iphoneos*]" = "iPhone Developer";
				COPY_PHASE_STRIP = NO;
				GCC_C_LANGUAGE_STANDARD = gnu99;
				GCC_DYNAMIC_NO_PIC = NO;
				GCC_OPTIMIZATION_LEVEL = 0;
				GCC_PREPROCESSOR_DEFINITIONS = (
					"DEBUG=1",
					"$(inherited)",
				);
				GCC_SYMBOLS_PRIVATE_EXTERN = NO;
				GCC_WARN_64_TO_32_BIT_CONVERSION = YES;
				GCC_WARN_ABOUT_RETURN_TYPE = YES_ERROR;
				GCC_WARN_UNDECLARED_SELECTOR = YES;
				GCC_WARN_UNINITIALIZED_AUTOS = YES;
				GCC_WARN_UNUSED_FUNCTION = YES;
				GCC_WARN_UNUSED_VARIABLE = YES;
				IPHONEOS_DEPLOYMENT_TARGET = 7.0;
				ONLY_ACTIVE_ARCH = YES;
				SDKROOT = iphoneos;
				TARGETED_DEVICE_FAMILY = 2;
			};
			name = Debug;
		};
		0E84CC751896164C00B00352 /* Release */ = {
			isa = XCBuildConfiguration;
			buildSettings = {
				ALWAYS_SEARCH_USER_PATHS = NO;
				ARCHS = "$(ARCHS_STANDARD_INCLUDING_64_BIT)";
				CLANG_CXX_LANGUAGE_STANDARD = "gnu++0x";
				CLANG_CXX_LIBRARY = "libc++";
				CLANG_ENABLE_MODULES = YES;
				CLANG_ENABLE_OBJC_ARC = YES;
				CLANG_WARN_BOOL_CONVERSION = YES;
				CLANG_WARN_CONSTANT_CONVERSION = YES;
				CLANG_WARN_DIRECT_OBJC_ISA_USAGE = YES_ERROR;
				CLANG_WARN_EMPTY_BODY = YES;
				CLANG_WARN_ENUM_CONVERSION = YES;
				CLANG_WARN_INT_CONVERSION = YES;
				CLANG_WARN_OBJC_ROOT_CLASS = YES_ERROR;
				CLANG_WARN__DUPLICATE_METHOD_MATCH = YES;
				"CODE_SIGN_IDENTITY[sdk=iphoneos*]" = "iPhone Developer";
				COPY_PHASE_STRIP = YES;
				ENABLE_NS_ASSERTIONS = NO;
				GCC_C_LANGUAGE_STANDARD = gnu99;
				GCC_WARN_64_TO_32_BIT_CONVERSION = YES;
				GCC_WARN_ABOUT_RETURN_TYPE = YES_ERROR;
				GCC_WARN_UNDECLARED_SELECTOR = YES;
				GCC_WARN_UNINITIALIZED_AUTOS = YES;
				GCC_WARN_UNUSED_FUNCTION = YES;
				GCC_WARN_UNUSED_VARIABLE = YES;
				IPHONEOS_DEPLOYMENT_TARGET = 7.0;
				SDKROOT = iphoneos;
				TARGETED_DEVICE_FAMILY = 2;
				VALIDATE_PRODUCT = YES;
			};
			name = Release;
		};
		0E84CC771896164C00B00352 /* Debug */ = {
			isa = XCBuildConfiguration;
			buildSettings = {
				ASSETCATALOG_COMPILER_APPICON_NAME = AppIcon;
				ASSETCATALOG_COMPILER_LAUNCHIMAGE_NAME = LaunchImage;
				GCC_PRECOMPILE_PREFIX_HEADER = YES;
				GCC_PREFIX_HEADER = "LearningOpenGL/LearningOpenGL-Prefix.pch";
				INFOPLIST_FILE = "LearningOpenGL/LearningOpenGL-Info.plist";
				PRODUCT_NAME = "$(TARGET_NAME)";
				WRAPPER_EXTENSION = app;
			};
			name = Debug;
		};
		0E84CC781896164C00B00352 /* Release */ = {
			isa = XCBuildConfiguration;
			buildSettings = {
				ASSETCATALOG_COMPILER_APPICON_NAME = AppIcon;
				ASSETCATALOG_COMPILER_LAUNCHIMAGE_NAME = LaunchImage;
				GCC_PRECOMPILE_PREFIX_HEADER = YES;
				GCC_PREFIX_HEADER = "LearningOpenGL/LearningOpenGL-Prefix.pch";
				INFOPLIST_FILE = "LearningOpenGL/LearningOpenGL-Info.plist";
				PRODUCT_NAME = "$(TARGET_NAME)";
				WRAPPER_EXTENSION = app;
			};
			name = Release;
		};
		0E84CC7A1896164C00B00352 /* Debug */ = {
			isa = XCBuildConfiguration;
			buildSettings = {
				ARCHS = "$(ARCHS_STANDARD_INCLUDING_64_BIT)";
				BUNDLE_LOADER = "$(BUILT_PRODUCTS_DIR)/LearningOpenGL.app/LearningOpenGL";
				FRAMEWORK_SEARCH_PATHS = (
					"$(SDKROOT)/Developer/Library/Frameworks",
					"$(inherited)",
					"$(DEVELOPER_FRAMEWORKS_DIR)",
				);
				GCC_PRECOMPILE_PREFIX_HEADER = YES;
				GCC_PREFIX_HEADER = "LearningOpenGL/LearningOpenGL-Prefix.pch";
				GCC_PREPROCESSOR_DEFINITIONS = (
					"DEBUG=1",
					"$(inherited)",
				);
				INFOPLIST_FILE = "LearningOpenGLTests/LearningOpenGLTests-Info.plist";
				PRODUCT_NAME = "$(TARGET_NAME)";
				TEST_HOST = "$(BUNDLE_LOADER)";
				WRAPPER_EXTENSION = xctest;
			};
			name = Debug;
		};
		0E84CC7B1896164C00B00352 /* Release */ = {
			isa = XCBuildConfiguration;
			buildSettings = {
				ARCHS = "$(ARCHS_STANDARD_INCLUDING_64_BIT)";
				BUNDLE_LOADER = "$(BUILT_PRODUCTS_DIR)/LearningOpenGL.app/LearningOpenGL";
				FRAMEWORK_SEARCH_PATHS = (
					"$(SDKROOT)/Developer/Library/Frameworks",
					"$(inherited)",
					"$(DEVELOPER_FRAMEWORKS_DIR)",
				);
				GCC_PRECOMPILE_PREFIX_HEADER = YES;
				GCC_PREFIX_HEADER = "LearningOpenGL/LearningOpenGL-Prefix.pch";
				INFOPLIST_FILE = "LearningOpenGLTests/LearningOpenGLTests-Info.plist";
				PRODUCT_NAME = "$(TARGET_NAME)";
				TEST_HOST = "$(BUNDLE_LOADER)";
				WRAPPER_EXTENSION = xctest;
			};
			name = Release;
		};
/* End XCBuildConfiguration section */

/* Begin XCConfigurationList section */
		0E84CC371896164C00B00352 /* Build configuration list for PBXProject "LearningOpenGL" */ = {
			isa = XCConfigurationList;
			buildConfigurations = (
				0E84CC741896164C00B00352 /* Debug */,
				0E84CC751896164C00B00352 /* Release */,
			);
			defaultConfigurationIsVisible = 0;
			defaultConfigurationName = Release;
		};
		0E84CC761896164C00B00352 /* Build configuration list for PBXNativeTarget "LearningOpenGL" */ = {
			isa = XCConfigurationList;
			buildConfigurations = (
				0E84CC771896164C00B00352 /* Debug */,
				0E84CC781896164C00B00352 /* Release */,
			);
			defaultConfigurationIsVisible = 0;
		};
		0E84CC791896164C00B00352 /* Build configuration list for PBXNativeTarget "LearningOpenGLTests" */ = {
			isa = XCConfigurationList;
			buildConfigurations = (
				0E84CC7A1896164C00B00352 /* Debug */,
				0E84CC7B1896164C00B00352 /* Release */,
			);
			defaultConfigurationIsVisible = 0;
		};
/* End XCConfigurationList section */
	};
	rootObject = 0E84CC341896164C00B00352 /* Project object */;
}
