// !$*UTF8*$!
{
	archiveVersion = 1;
	classes = {
	};
	objectVersion = 46;
	objects = {

/* Begin PBXBuildFile section */
		0E85DDA7187FCB6B00D928C1 /* Foundation.framework in Frameworks */ = {isa = PBXBuildFile; fileRef = 0E85DDA6187FCB6B00D928C1 /* Foundation.framework */; };
		0E85DDA9187FCB6B00D928C1 /* CoreGraphics.framework in Frameworks */ = {isa = PBXBuildFile; fileRef = 0E85DDA8187FCB6B00D928C1 /* CoreGraphics.framework */; };
		0E85DDAB187FCB6B00D928C1 /* UIKit.framework in Frameworks */ = {isa = PBXBuildFile; fileRef = 0E85DDAA187FCB6B00D928C1 /* UIKit.framework */; };
		0E85DDB1187FCB6B00D928C1 /* InfoPlist.strings in Resources */ = {isa = PBXBuildFile; fileRef = 0E85DDAF187FCB6B00D928C1 /* InfoPlist.strings */; };
		0E85DDB3187FCB6B00D928C1 /* main.m in Sources */ = {isa = PBXBuildFile; fileRef = 0E85DDB2187FCB6B00D928C1 /* main.m */; };
		0E85DDB7187FCB6B00D928C1 /* SENAppDelegate.m in Sources */ = {isa = PBXBuildFile; fileRef = 0E85DDB6187FCB6B00D928C1 /* SENAppDelegate.m */; };
		0E85DDB9187FCB6B00D928C1 /* Images.xcassets in Resources */ = {isa = PBXBuildFile; fileRef = 0E85DDB8187FCB6B00D928C1 /* Images.xcassets */; };
		0E85DDC0187FCB6B00D928C1 /* XCTest.framework in Frameworks */ = {isa = PBXBuildFile; fileRef = 0E85DDBF187FCB6B00D928C1 /* XCTest.framework */; };
		0E85DDC1187FCB6B00D928C1 /* Foundation.framework in Frameworks */ = {isa = PBXBuildFile; fileRef = 0E85DDA6187FCB6B00D928C1 /* Foundation.framework */; };
		0E85DDC2187FCB6B00D928C1 /* UIKit.framework in Frameworks */ = {isa = PBXBuildFile; fileRef = 0E85DDAA187FCB6B00D928C1 /* UIKit.framework */; };
		0E85DDCA187FCB6B00D928C1 /* InfoPlist.strings in Resources */ = {isa = PBXBuildFile; fileRef = 0E85DDC8187FCB6B00D928C1 /* InfoPlist.strings */; };
		0E85DDCC187FCB6B00D928C1 /* GLESTutorialTests.m in Sources */ = {isa = PBXBuildFile; fileRef = 0E85DDCB187FCB6B00D928C1 /* GLESTutorialTests.m */; };
		0E85DDD7187FCB9D00D928C1 /* SENOpenGLView.m in Sources */ = {isa = PBXBuildFile; fileRef = 0E85DDD6187FCB9D00D928C1 /* SENOpenGLView.m */; };
		0E85DDD9187FCC1C00D928C1 /* QuartzCore.framework in Frameworks */ = {isa = PBXBuildFile; fileRef = 0E85DDD8187FCC1C00D928C1 /* QuartzCore.framework */; };
		0E85DDDB187FCC2600D928C1 /* OpenGLES.framework in Frameworks */ = {isa = PBXBuildFile; fileRef = 0E85DDDA187FCC2600D928C1 /* OpenGLES.framework */; };
/* End PBXBuildFile section */

/* Begin PBXContainerItemProxy section */
		0E85DDC3187FCB6B00D928C1 /* PBXContainerItemProxy */ = {
			isa = PBXContainerItemProxy;
			containerPortal = 0E85DD9B187FCB6B00D928C1 /* Project object */;
			proxyType = 1;
			remoteGlobalIDString = 0E85DDA2187FCB6B00D928C1;
			remoteInfo = GLESTutorial;
		};
/* End PBXContainerItemProxy section */

/* Begin PBXFileReference section */
		0E85DDA3187FCB6B00D928C1 /* GLESTutorial.app */ = {isa = PBXFileReference; explicitFileType = wrapper.application; includeInIndex = 0; path = GLESTutorial.app; sourceTree = BUILT_PRODUCTS_DIR; };
		0E85DDA6187FCB6B00D928C1 /* Foundation.framework */ = {isa = PBXFileReference; lastKnownFileType = wrapper.framework; name = Foundation.framework; path = System/Library/Frameworks/Foundation.framework; sourceTree = SDKROOT; };
		0E85DDA8187FCB6B00D928C1 /* CoreGraphics.framework */ = {isa = PBXFileReference; lastKnownFileType = wrapper.framework; name = CoreGraphics.framework; path = System/Library/Frameworks/CoreGraphics.framework; sourceTree = SDKROOT; };
		0E85DDAA187FCB6B00D928C1 /* UIKit.framework */ = {isa = PBXFileReference; lastKnownFileType = wrapper.framework; name = UIKit.framework; path = System/Library/Frameworks/UIKit.framework; sourceTree = SDKROOT; };
		0E85DDAE187FCB6B00D928C1 /* GLESTutorial-Info.plist */ = {isa = PBXFileReference; lastKnownFileType = text.plist.xml; path = "GLESTutorial-Info.plist"; sourceTree = "<group>"; };
		0E85DDB0187FCB6B00D928C1 /* en */ = {isa = PBXFileReference; lastKnownFileType = text.plist.strings; name = en; path = en.lproj/InfoPlist.strings; sourceTree = "<group>"; };
		0E85DDB2187FCB6B00D928C1 /* main.m */ = {isa = PBXFileReference; lastKnownFileType = sourcecode.c.objc; path = main.m; sourceTree = "<group>"; };
		0E85DDB4187FCB6B00D928C1 /* GLESTutorial-Prefix.pch */ = {isa = PBXFileReference; lastKnownFileType = sourcecode.c.h; path = "GLESTutorial-Prefix.pch"; sourceTree = "<group>"; };
		0E85DDB5187FCB6B00D928C1 /* SENAppDelegate.h */ = {isa = PBXFileReference; lastKnownFileType = sourcecode.c.h; path = SENAppDelegate.h; sourceTree = "<group>"; };
		0E85DDB6187FCB6B00D928C1 /* SENAppDelegate.m */ = {isa = PBXFileReference; lastKnownFileType = sourcecode.c.objc; path = SENAppDelegate.m; sourceTree = "<group>"; };
		0E85DDB8187FCB6B00D928C1 /* Images.xcassets */ = {isa = PBXFileReference; lastKnownFileType = folder.assetcatalog; path = Images.xcassets; sourceTree = "<group>"; };
		0E85DDBE187FCB6B00D928C1 /* GLESTutorialTests.xctest */ = {isa = PBXFileReference; explicitFileType = wrapper.cfbundle; includeInIndex = 0; path = GLESTutorialTests.xctest; sourceTree = BUILT_PRODUCTS_DIR; };
		0E85DDBF187FCB6B00D928C1 /* XCTest.framework */ = {isa = PBXFileReference; lastKnownFileType = wrapper.framework; name = XCTest.framework; path = Library/Frameworks/XCTest.framework; sourceTree = DEVELOPER_DIR; };
		0E85DDC7187FCB6B00D928C1 /* GLESTutorialTests-Info.plist */ = {isa = PBXFileReference; lastKnownFileType = text.plist.xml; path = "GLESTutorialTests-Info.plist"; sourceTree = "<group>"; };
		0E85DDC9187FCB6B00D928C1 /* en */ = {isa = PBXFileReference; lastKnownFileType = text.plist.strings; name = en; path = en.lproj/InfoPlist.strings; sourceTree = "<group>"; };
		0E85DDCB187FCB6B00D928C1 /* GLESTutorialTests.m */ = {isa = PBXFileReference; lastKnownFileType = sourcecode.c.objc; path = GLESTutorialTests.m; sourceTree = "<group>"; };
		0E85DDD5187FCB9D00D928C1 /* SENOpenGLView.h */ = {isa = PBXFileReference; fileEncoding = 4; lastKnownFileType = sourcecode.c.h; name = SENOpenGLView.h; path = GLESTutorial/SENOpenGLView.h; sourceTree = "<group>"; };
		0E85DDD6187FCB9D00D928C1 /* SENOpenGLView.m */ = {isa = PBXFileReference; fileEncoding = 4; lastKnownFileType = sourcecode.c.objc; name = SENOpenGLView.m; path = GLESTutorial/SENOpenGLView.m; sourceTree = "<group>"; };
		0E85DDD8187FCC1C00D928C1 /* QuartzCore.framework */ = {isa = PBXFileReference; lastKnownFileType = wrapper.framework; name = QuartzCore.framework; path = System/Library/Frameworks/QuartzCore.framework; sourceTree = SDKROOT; };
		0E85DDDA187FCC2600D928C1 /* OpenGLES.framework */ = {isa = PBXFileReference; lastKnownFileType = wrapper.framework; name = OpenGLES.framework; path = System/Library/Frameworks/OpenGLES.framework; sourceTree = SDKROOT; };
/* End PBXFileReference section */

/* Begin PBXFrameworksBuildPhase section */
		0E85DDA0187FCB6B00D928C1 /* Frameworks */ = {
			isa = PBXFrameworksBuildPhase;
			buildActionMask = 2147483647;
			files = (
				0E85DDDB187FCC2600D928C1 /* OpenGLES.framework in Frameworks */,
				0E85DDD9187FCC1C00D928C1 /* QuartzCore.framework in Frameworks */,
				0E85DDA9187FCB6B00D928C1 /* CoreGraphics.framework in Frameworks */,
				0E85DDAB187FCB6B00D928C1 /* UIKit.framework in Frameworks */,
				0E85DDA7187FCB6B00D928C1 /* Foundation.framework in Frameworks */,
			);
			runOnlyForDeploymentPostprocessing = 0;
		};
		0E85DDBB187FCB6B00D928C1 /* Frameworks */ = {
			isa = PBXFrameworksBuildPhase;
			buildActionMask = 2147483647;
			files = (
				0E85DDC0187FCB6B00D928C1 /* XCTest.framework in Frameworks */,
				0E85DDC2187FCB6B00D928C1 /* UIKit.framework in Frameworks */,
				0E85DDC1187FCB6B00D928C1 /* Foundation.framework in Frameworks */,
			);
			runOnlyForDeploymentPostprocessing = 0;
		};
/* End PBXFrameworksBuildPhase section */

/* Begin PBXGroup section */
		0E85DD9A187FCB6B00D928C1 = {
			isa = PBXGroup;
			children = (
				0E85DDD5187FCB9D00D928C1 /* SENOpenGLView.h */,
				0E85DDD6187FCB9D00D928C1 /* SENOpenGLView.m */,
				0E85DDAC187FCB6B00D928C1 /* GLESTutorial */,
				0E85DDC5187FCB6B00D928C1 /* GLESTutorialTests */,
				0E85DDA5187FCB6B00D928C1 /* Frameworks */,
				0E85DDA4187FCB6B00D928C1 /* Products */,
			);
			sourceTree = "<group>";
		};
		0E85DDA4187FCB6B00D928C1 /* Products */ = {
			isa = PBXGroup;
			children = (
				0E85DDA3187FCB6B00D928C1 /* GLESTutorial.app */,
				0E85DDBE187FCB6B00D928C1 /* GLESTutorialTests.xctest */,
			);
			name = Products;
			sourceTree = "<group>";
		};
		0E85DDA5187FCB6B00D928C1 /* Frameworks */ = {
			isa = PBXGroup;
			children = (
				0E85DDDA187FCC2600D928C1 /* OpenGLES.framework */,
				0E85DDD8187FCC1C00D928C1 /* QuartzCore.framework */,
				0E85DDA6187FCB6B00D928C1 /* Foundation.framework */,
				0E85DDA8187FCB6B00D928C1 /* CoreGraphics.framework */,
				0E85DDAA187FCB6B00D928C1 /* UIKit.framework */,
				0E85DDBF187FCB6B00D928C1 /* XCTest.framework */,
			);
			name = Frameworks;
			sourceTree = "<group>";
		};
		0E85DDAC187FCB6B00D928C1 /* GLESTutorial */ = {
			isa = PBXGroup;
			children = (
				0E85DDB8187FCB6B00D928C1 /* Images.xcassets */,
				0E85DDAD187FCB6B00D928C1 /* Supporting Files */,
			);
			path = GLESTutorial;
			sourceTree = "<group>";
		};
		0E85DDAD187FCB6B00D928C1 /* Supporting Files */ = {
			isa = PBXGroup;
			children = (
				0E85DDB5187FCB6B00D928C1 /* SENAppDelegate.h */,
				0E85DDB6187FCB6B00D928C1 /* SENAppDelegate.m */,
				0E85DDAE187FCB6B00D928C1 /* GLESTutorial-Info.plist */,
				0E85DDAF187FCB6B00D928C1 /* InfoPlist.strings */,
				0E85DDB2187FCB6B00D928C1 /* main.m */,
				0E85DDB4187FCB6B00D928C1 /* GLESTutorial-Prefix.pch */,
			);
			name = "Supporting Files";
			sourceTree = "<group>";
		};
		0E85DDC5187FCB6B00D928C1 /* GLESTutorialTests */ = {
			isa = PBXGroup;
			children = (
				0E85DDCB187FCB6B00D928C1 /* GLESTutorialTests.m */,
				0E85DDC6187FCB6B00D928C1 /* Supporting Files */,
			);
			path = GLESTutorialTests;
			sourceTree = "<group>";
		};
		0E85DDC6187FCB6B00D928C1 /* Supporting Files */ = {
			isa = PBXGroup;
			children = (
				0E85DDC7187FCB6B00D928C1 /* GLESTutorialTests-Info.plist */,
				0E85DDC8187FCB6B00D928C1 /* InfoPlist.strings */,
			);
			name = "Supporting Files";
			sourceTree = "<group>";
		};
/* End PBXGroup section */

/* Begin PBXNativeTarget section */
		0E85DDA2187FCB6B00D928C1 /* GLESTutorial */ = {
			isa = PBXNativeTarget;
			buildConfigurationList = 0E85DDCF187FCB6B00D928C1 /* Build configuration list for PBXNativeTarget "GLESTutorial" */;
			buildPhases = (
				0E85DD9F187FCB6B00D928C1 /* Sources */,
				0E85DDA0187FCB6B00D928C1 /* Frameworks */,
				0E85DDA1187FCB6B00D928C1 /* Resources */,
			);
			buildRules = (
			);
			dependencies = (
			);
			name = GLESTutorial;
			productName = GLESTutorial;
			productReference = 0E85DDA3187FCB6B00D928C1 /* GLESTutorial.app */;
			productType = "com.apple.product-type.application";
		};
		0E85DDBD187FCB6B00D928C1 /* GLESTutorialTests */ = {
			isa = PBXNativeTarget;
			buildConfigurationList = 0E85DDD2187FCB6B00D928C1 /* Build configuration list for PBXNativeTarget "GLESTutorialTests" */;
			buildPhases = (
				0E85DDBA187FCB6B00D928C1 /* Sources */,
				0E85DDBB187FCB6B00D928C1 /* Frameworks */,
				0E85DDBC187FCB6B00D928C1 /* Resources */,
			);
			buildRules = (
			);
			dependencies = (
				0E85DDC4187FCB6B00D928C1 /* PBXTargetDependency */,
			);
			name = GLESTutorialTests;
			productName = GLESTutorialTests;
			productReference = 0E85DDBE187FCB6B00D928C1 /* GLESTutorialTests.xctest */;
			productType = "com.apple.product-type.bundle.unit-test";
		};
/* End PBXNativeTarget section */

/* Begin PBXProject section */
		0E85DD9B187FCB6B00D928C1 /* Project object */ = {
			isa = PBXProject;
			attributes = {
				CLASSPREFIX = SEN;
				LastUpgradeCheck = 0500;
				ORGANIZATIONNAME = "Sensorium Health";
				TargetAttributes = {
					0E85DDBD187FCB6B00D928C1 = {
						TestTargetID = 0E85DDA2187FCB6B00D928C1;
					};
				};
			};
			buildConfigurationList = 0E85DD9E187FCB6B00D928C1 /* Build configuration list for PBXProject "GLESTutorial" */;
			compatibilityVersion = "Xcode 3.2";
			developmentRegion = English;
			hasScannedForEncodings = 0;
			knownRegions = (
				en,
			);
			mainGroup = 0E85DD9A187FCB6B00D928C1;
			productRefGroup = 0E85DDA4187FCB6B00D928C1 /* Products */;
			projectDirPath = "";
			projectRoot = "";
			targets = (
				0E85DDA2187FCB6B00D928C1 /* GLESTutorial */,
				0E85DDBD187FCB6B00D928C1 /* GLESTutorialTests */,
			);
		};
/* End PBXProject section */

/* Begin PBXResourcesBuildPhase section */
		0E85DDA1187FCB6B00D928C1 /* Resources */ = {
			isa = PBXResourcesBuildPhase;
			buildActionMask = 2147483647;
			files = (
				0E85DDB1187FCB6B00D928C1 /* InfoPlist.strings in Resources */,
				0E85DDB9187FCB6B00D928C1 /* Images.xcassets in Resources */,
			);
			runOnlyForDeploymentPostprocessing = 0;
		};
		0E85DDBC187FCB6B00D928C1 /* Resources */ = {
			isa = PBXResourcesBuildPhase;
			buildActionMask = 2147483647;
			files = (
				0E85DDCA187FCB6B00D928C1 /* InfoPlist.strings in Resources */,
			);
			runOnlyForDeploymentPostprocessing = 0;
		};
/* End PBXResourcesBuildPhase section */

/* Begin PBXSourcesBuildPhase section */
		0E85DD9F187FCB6B00D928C1 /* Sources */ = {
			isa = PBXSourcesBuildPhase;
			buildActionMask = 2147483647;
			files = (
				0E85DDB3187FCB6B00D928C1 /* main.m in Sources */,
				0E85DDD7187FCB9D00D928C1 /* SENOpenGLView.m in Sources */,
				0E85DDB7187FCB6B00D928C1 /* SENAppDelegate.m in Sources */,
			);
			runOnlyForDeploymentPostprocessing = 0;
		};
		0E85DDBA187FCB6B00D928C1 /* Sources */ = {
			isa = PBXSourcesBuildPhase;
			buildActionMask = 2147483647;
			files = (
				0E85DDCC187FCB6B00D928C1 /* GLESTutorialTests.m in Sources */,
			);
			runOnlyForDeploymentPostprocessing = 0;
		};
/* End PBXSourcesBuildPhase section */

/* Begin PBXTargetDependency section */
		0E85DDC4187FCB6B00D928C1 /* PBXTargetDependency */ = {
			isa = PBXTargetDependency;
			target = 0E85DDA2187FCB6B00D928C1 /* GLESTutorial */;
			targetProxy = 0E85DDC3187FCB6B00D928C1 /* PBXContainerItemProxy */;
		};
/* End PBXTargetDependency section */

/* Begin PBXVariantGroup section */
		0E85DDAF187FCB6B00D928C1 /* InfoPlist.strings */ = {
			isa = PBXVariantGroup;
			children = (
				0E85DDB0187FCB6B00D928C1 /* en */,
			);
			name = InfoPlist.strings;
			sourceTree = "<group>";
		};
		0E85DDC8187FCB6B00D928C1 /* InfoPlist.strings */ = {
			isa = PBXVariantGroup;
			children = (
				0E85DDC9187FCB6B00D928C1 /* en */,
			);
			name = InfoPlist.strings;
			sourceTree = "<group>";
		};
/* End PBXVariantGroup section */

/* Begin XCBuildConfiguration section */
		0E85DDCD187FCB6B00D928C1 /* Debug */ = {
			isa = XCBuildConfiguration;
			buildSettings = {
				ALWAYS_SEARCH_USER_PATHS = NO;
				ARCHS = "$(ARCHS_STANDARD_INCLUDING_64_BIT)";
				CLANG_CXX_LANGUAGE_STANDARD = "gnu++0x";
				CLANG_CXX_LIBRARY = "libc++";
				CLANG_ENABLE_MODULES = YES;
				CLANG_ENABLE_OBJC_ARC = YES;
				CLANG_WARN_BOOL_CONVERSION = YES;
				CLANG_WARN_CONSTANT_CONVERSION = YES;
				CLANG_WARN_DIRECT_OBJC_ISA_USAGE = YES_ERROR;
				CLANG_WARN_EMPTY_BODY = YES;
				CLANG_WARN_ENUM_CONVERSION = YES;
				CLANG_WARN_INT_CONVERSION = YES;
				CLANG_WARN_OBJC_ROOT_CLASS = YES_ERROR;
				CLANG_WARN__DUPLICATE_METHOD_MATCH = YES;
				"CODE_SIGN_IDENTITY[sdk=iphoneos*]" = "iPhone Developer";
				COPY_PHASE_STRIP = NO;
				GCC_C_LANGUAGE_STANDARD = gnu99;
				GCC_DYNAMIC_NO_PIC = NO;
				GCC_OPTIMIZATION_LEVEL = 0;
				GCC_PREPROCESSOR_DEFINITIONS = (
					"DEBUG=1",
					"$(inherited)",
				);
				GCC_SYMBOLS_PRIVATE_EXTERN = NO;
				GCC_WARN_64_TO_32_BIT_CONVERSION = YES;
				GCC_WARN_ABOUT_RETURN_TYPE = YES_ERROR;
				GCC_WARN_UNDECLARED_SELECTOR = YES;
				GCC_WARN_UNINITIALIZED_AUTOS = YES;
				GCC_WARN_UNUSED_FUNCTION = YES;
				GCC_WARN_UNUSED_VARIABLE = YES;
				IPHONEOS_DEPLOYMENT_TARGET = 7.0;
				ONLY_ACTIVE_ARCH = YES;
				SDKROOT = iphoneos;
			};
			name = Debug;
		};
		0E85DDCE187FCB6B00D928C1 /* Release */ = {
			isa = XCBuildConfiguration;
			buildSettings = {
				ALWAYS_SEARCH_USER_PATHS = NO;
				ARCHS = "$(ARCHS_STANDARD_INCLUDING_64_BIT)";
				CLANG_CXX_LANGUAGE_STANDARD = "gnu++0x";
				CLANG_CXX_LIBRARY = "libc++";
				CLANG_ENABLE_MODULES = YES;
				CLANG_ENABLE_OBJC_ARC = YES;
				CLANG_WARN_BOOL_CONVERSION = YES;
				CLANG_WARN_CONSTANT_CONVERSION = YES;
				CLANG_WARN_DIRECT_OBJC_ISA_USAGE = YES_ERROR;
				CLANG_WARN_EMPTY_BODY = YES;
				CLANG_WARN_ENUM_CONVERSION = YES;
				CLANG_WARN_INT_CONVERSION = YES;
				CLANG_WARN_OBJC_ROOT_CLASS = YES_ERROR;
				CLANG_WARN__DUPLICATE_METHOD_MATCH = YES;
				"CODE_SIGN_IDENTITY[sdk=iphoneos*]" = "iPhone Developer";
				COPY_PHASE_STRIP = YES;
				ENABLE_NS_ASSERTIONS = NO;
				GCC_C_LANGUAGE_STANDARD = gnu99;
				GCC_WARN_64_TO_32_BIT_CONVERSION = YES;
				GCC_WARN_ABOUT_RETURN_TYPE = YES_ERROR;
				GCC_WARN_UNDECLARED_SELECTOR = YES;
				GCC_WARN_UNINITIALIZED_AUTOS = YES;
				GCC_WARN_UNUSED_FUNCTION = YES;
				GCC_WARN_UNUSED_VARIABLE = YES;
				IPHONEOS_DEPLOYMENT_TARGET = 7.0;
				SDKROOT = iphoneos;
				VALIDATE_PRODUCT = YES;
			};
			name = Release;
		};
		0E85DDD0187FCB6B00D928C1 /* Debug */ = {
			isa = XCBuildConfiguration;
			buildSettings = {
				ASSETCATALOG_COMPILER_APPICON_NAME = AppIcon;
				ASSETCATALOG_COMPILER_LAUNCHIMAGE_NAME = LaunchImage;
				GCC_PRECOMPILE_PREFIX_HEADER = YES;
				GCC_PREFIX_HEADER = "GLESTutorial/GLESTutorial-Prefix.pch";
				INFOPLIST_FILE = "GLESTutorial/GLESTutorial-Info.plist";
				PRODUCT_NAME = "$(TARGET_NAME)";
				WRAPPER_EXTENSION = app;
			};
			name = Debug;
		};
		0E85DDD1187FCB6B00D928C1 /* Release */ = {
			isa = XCBuildConfiguration;
			buildSettings = {
				ASSETCATALOG_COMPILER_APPICON_NAME = AppIcon;
				ASSETCATALOG_COMPILER_LAUNCHIMAGE_NAME = LaunchImage;
				GCC_PRECOMPILE_PREFIX_HEADER = YES;
				GCC_PREFIX_HEADER = "GLESTutorial/GLESTutorial-Prefix.pch";
				INFOPLIST_FILE = "GLESTutorial/GLESTutorial-Info.plist";
				PRODUCT_NAME = "$(TARGET_NAME)";
				WRAPPER_EXTENSION = app;
			};
			name = Release;
		};
		0E85DDD3187FCB6B00D928C1 /* Debug */ = {
			isa = XCBuildConfiguration;
			buildSettings = {
				ARCHS = "$(ARCHS_STANDARD_INCLUDING_64_BIT)";
				BUNDLE_LOADER = "$(BUILT_PRODUCTS_DIR)/GLESTutorial.app/GLESTutorial";
				FRAMEWORK_SEARCH_PATHS = (
					"$(SDKROOT)/Developer/Library/Frameworks",
					"$(inherited)",
					"$(DEVELOPER_FRAMEWORKS_DIR)",
				);
				GCC_PRECOMPILE_PREFIX_HEADER = YES;
				GCC_PREFIX_HEADER = "GLESTutorial/GLESTutorial-Prefix.pch";
				GCC_PREPROCESSOR_DEFINITIONS = (
					"DEBUG=1",
					"$(inherited)",
				);
				INFOPLIST_FILE = "GLESTutorialTests/GLESTutorialTests-Info.plist";
				PRODUCT_NAME = "$(TARGET_NAME)";
				TEST_HOST = "$(BUNDLE_LOADER)";
				WRAPPER_EXTENSION = xctest;
			};
			name = Debug;
		};
		0E85DDD4187FCB6B00D928C1 /* Release */ = {
			isa = XCBuildConfiguration;
			buildSettings = {
				ARCHS = "$(ARCHS_STANDARD_INCLUDING_64_BIT)";
				BUNDLE_LOADER = "$(BUILT_PRODUCTS_DIR)/GLESTutorial.app/GLESTutorial";
				FRAMEWORK_SEARCH_PATHS = (
					"$(SDKROOT)/Developer/Library/Frameworks",
					"$(inherited)",
					"$(DEVELOPER_FRAMEWORKS_DIR)",
				);
				GCC_PRECOMPILE_PREFIX_HEADER = YES;
				GCC_PREFIX_HEADER = "GLESTutorial/GLESTutorial-Prefix.pch";
				INFOPLIST_FILE = "GLESTutorialTests/GLESTutorialTests-Info.plist";
				PRODUCT_NAME = "$(TARGET_NAME)";
				TEST_HOST = "$(BUNDLE_LOADER)";
				WRAPPER_EXTENSION = xctest;
			};
			name = Release;
		};
/* End XCBuildConfiguration section */

/* Begin XCConfigurationList section */
		0E85DD9E187FCB6B00D928C1 /* Build configuration list for PBXProject "GLESTutorial" */ = {
			isa = XCConfigurationList;
			buildConfigurations = (
				0E85DDCD187FCB6B00D928C1 /* Debug */,
				0E85DDCE187FCB6B00D928C1 /* Release */,
			);
			defaultConfigurationIsVisible = 0;
			defaultConfigurationName = Release;
		};
		0E85DDCF187FCB6B00D928C1 /* Build configuration list for PBXNativeTarget "GLESTutorial" */ = {
			isa = XCConfigurationList;
			buildConfigurations = (
				0E85DDD0187FCB6B00D928C1 /* Debug */,
				0E85DDD1187FCB6B00D928C1 /* Release */,
			);
			defaultConfigurationIsVisible = 0;
		};
		0E85DDD2187FCB6B00D928C1 /* Build configuration list for PBXNativeTarget "GLESTutorialTests" */ = {
			isa = XCConfigurationList;
			buildConfigurations = (
				0E85DDD3187FCB6B00D928C1 /* Debug */,
				0E85DDD4187FCB6B00D928C1 /* Release */,
			);
			defaultConfigurationIsVisible = 0;
		};
/* End XCConfigurationList section */
	};
	rootObject = 0E85DD9B187FCB6B00D928C1 /* Project object */;
}
